// !$*UTF8*$!
{
	archiveVersion = 1;
	classes = {
	};
	objectVersion = 46;
	objects = {

/* Begin PBXBuildFile section */
		D06A8954C800841B2FFD979E /* Pods_Glory.framework in Frameworks */ = {isa = PBXBuildFile; fileRef = B852E70D90F9EEE6E4B761A7 /* Pods_Glory.framework */; };
		E604F1721F369BB20009AC7F /* engagements.json in Resources */ = {isa = PBXBuildFile; fileRef = E604F1641F369BB10009AC7F /* engagements.json */; };
		E604F1731F369BB20009AC7F /* calendarDetails.json in Resources */ = {isa = PBXBuildFile; fileRef = E604F1651F369BB10009AC7F /* calendarDetails.json */; };
		E604F1741F369BB20009AC7F /* posts.json in Resources */ = {isa = PBXBuildFile; fileRef = E604F1661F369BB10009AC7F /* posts.json */; };
		E604F1751F369BB20009AC7F /* accountDetails.json in Resources */ = {isa = PBXBuildFile; fileRef = E604F1671F369BB10009AC7F /* accountDetails.json */; };
		E604F1761F369BB20009AC7F /* formDetails.json in Resources */ = {isa = PBXBuildFile; fileRef = E604F1681F369BB10009AC7F /* formDetails.json */; };
		E604F1771F369BB20009AC7F /* accountAdded.json in Resources */ = {isa = PBXBuildFile; fileRef = E604F1691F369BB10009AC7F /* accountAdded.json */; };
		E604F1781F369BB20009AC7F /* interests.json in Resources */ = {isa = PBXBuildFile; fileRef = E604F16A1F369BB10009AC7F /* interests.json */; };
		E604F1791F369BB20009AC7F /* accounts.json in Resources */ = {isa = PBXBuildFile; fileRef = E604F16B1F369BB10009AC7F /* accounts.json */; };
		E604F17A1F369BB20009AC7F /* userInterests.json in Resources */ = {isa = PBXBuildFile; fileRef = E604F16C1F369BB10009AC7F /* userInterests.json */; };
		E604F17B1F369BB20009AC7F /* pursuitSteps.json in Resources */ = {isa = PBXBuildFile; fileRef = E604F16D1F369BB10009AC7F /* pursuitSteps.json */; };
		E604F17C1F369BB20009AC7F /* calendar.json in Resources */ = {isa = PBXBuildFile; fileRef = E604F16E1F369BB10009AC7F /* calendar.json */; };
		E604F17D1F369BB20009AC7F /* pursuitDetails.json in Resources */ = {isa = PBXBuildFile; fileRef = E604F16F1F369BB10009AC7F /* pursuitDetails.json */; };
		E604F17E1F369BB20009AC7F /* pursuit.json in Resources */ = {isa = PBXBuildFile; fileRef = E604F1701F369BB10009AC7F /* pursuit.json */; };
		E604F17F1F369BB20009AC7F /* forms.json in Resources */ = {isa = PBXBuildFile; fileRef = E604F1711F369BB20009AC7F /* forms.json */; };
		E60E94D51F27F4EC003CDDEE /* ContactsController.swift in Sources */ = {isa = PBXBuildFile; fileRef = E60E94D41F27F4EC003CDDEE /* ContactsController.swift */; };
		E61641CD1F2A9A9D0013849E /* FormTableCell.swift in Sources */ = {isa = PBXBuildFile; fileRef = E61641CC1F2A9A9D0013849E /* FormTableCell.swift */; };
		E61641CF1F2A9AEA0013849E /* FormTableDelegate.swift in Sources */ = {isa = PBXBuildFile; fileRef = E61641CE1F2A9AEA0013849E /* FormTableDelegate.swift */; };
		E61641D11F2A9D860013849E /* UserPoolsUIHelper.swift in Sources */ = {isa = PBXBuildFile; fileRef = E61641D01F2A9D860013849E /* UserPoolsUIHelper.swift */; };
		E61641D31F2A9DCF0013849E /* UserPoolsSignUpConfirmationViewController.swift in Sources */ = {isa = PBXBuildFile; fileRef = E61641D21F2A9DCF0013849E /* UserPoolsSignUpConfirmationViewController.swift */; };
		E6194CA71EFEB5EB004764D5 /* ConnectModel.swift in Sources */ = {isa = PBXBuildFile; fileRef = E6194CA61EFEB5EB004764D5 /* ConnectModel.swift */; };
		E6194CA91EFEB641004764D5 /* NewsModel.swift in Sources */ = {isa = PBXBuildFile; fileRef = E6194CA81EFEB641004764D5 /* NewsModel.swift */; };
		E6194CAB1EFEB679004764D5 /* SystemsModel.swift in Sources */ = {isa = PBXBuildFile; fileRef = E6194CAA1EFEB679004764D5 /* SystemsModel.swift */; };
		E6194CAD1EFEB6C7004764D5 /* InterestsModel.swift in Sources */ = {isa = PBXBuildFile; fileRef = E6194CAC1EFEB6C7004764D5 /* InterestsModel.swift */; };
		E6194CAF1EFEB6FD004764D5 /* FormsModel.swift in Sources */ = {isa = PBXBuildFile; fileRef = E6194CAE1EFEB6FD004764D5 /* FormsModel.swift */; };
		E6194CB11EFEB744004764D5 /* CalendarModel.swift in Sources */ = {isa = PBXBuildFile; fileRef = E6194CB01EFEB744004764D5 /* CalendarModel.swift */; };
		E6194CB31EFEB781004764D5 /* EngagementsModel.swift in Sources */ = {isa = PBXBuildFile; fileRef = E6194CB21EFEB781004764D5 /* EngagementsModel.swift */; };
		E6194CB51EFEB7D3004764D5 /* MessagesModel.swift in Sources */ = {isa = PBXBuildFile; fileRef = E6194CB41EFEB7D3004764D5 /* MessagesModel.swift */; };
		E6194CB71EFEB805004764D5 /* SearchModel.swift in Sources */ = {isa = PBXBuildFile; fileRef = E6194CB61EFEB805004764D5 /* SearchModel.swift */; };
		E61972591EFD52C6008F1F43 /* AppDelegate.swift in Sources */ = {isa = PBXBuildFile; fileRef = E61972581EFD52C6008F1F43 /* AppDelegate.swift */; };
		E619725B1EFD52C6008F1F43 /* ViewController.swift in Sources */ = {isa = PBXBuildFile; fileRef = E619725A1EFD52C6008F1F43 /* ViewController.swift */; };
		E619725E1EFD52C6008F1F43 /* Main.storyboard in Resources */ = {isa = PBXBuildFile; fileRef = E619725C1EFD52C6008F1F43 /* Main.storyboard */; };
		E61972601EFD52C6008F1F43 /* Assets.xcassets in Resources */ = {isa = PBXBuildFile; fileRef = E619725F1EFD52C6008F1F43 /* Assets.xcassets */; };
		E61972631EFD52C6008F1F43 /* LaunchScreen.storyboard in Resources */ = {isa = PBXBuildFile; fileRef = E61972611EFD52C6008F1F43 /* LaunchScreen.storyboard */; };
		E619726C1EFD534D008F1F43 /* SigninController.swift in Sources */ = {isa = PBXBuildFile; fileRef = E619726B1EFD534D008F1F43 /* SigninController.swift */; };
		E619726E1EFD53F0008F1F43 /* SignupController.swift in Sources */ = {isa = PBXBuildFile; fileRef = E619726D1EFD53F0008F1F43 /* SignupController.swift */; };
		E61972721EFD54AD008F1F43 /* InterestsController.swift in Sources */ = {isa = PBXBuildFile; fileRef = E61972711EFD54AD008F1F43 /* InterestsController.swift */; };
		E61972741EFD55C6008F1F43 /* ProfileController.swift in Sources */ = {isa = PBXBuildFile; fileRef = E61972731EFD55C6008F1F43 /* ProfileController.swift */; };
		E61972761EFD5712008F1F43 /* ConnectController.swift in Sources */ = {isa = PBXBuildFile; fileRef = E61972751EFD5712008F1F43 /* ConnectController.swift */; };
		E61972781EFD5758008F1F43 /* NewsController.swift in Sources */ = {isa = PBXBuildFile; fileRef = E61972771EFD5758008F1F43 /* NewsController.swift */; };
		E619727A1EFD57C2008F1F43 /* SystemsController.swift in Sources */ = {isa = PBXBuildFile; fileRef = E61972791EFD57C2008F1F43 /* SystemsController.swift */; };
		E619727C1EFD5807008F1F43 /* CameraController.swift in Sources */ = {isa = PBXBuildFile; fileRef = E619727B1EFD5807008F1F43 /* CameraController.swift */; };
		E619727E1EFD5871008F1F43 /* EditProfileController.swift in Sources */ = {isa = PBXBuildFile; fileRef = E619727D1EFD5871008F1F43 /* EditProfileController.swift */; };
		E61972801EFD58D7008F1F43 /* SettingsController.swift in Sources */ = {isa = PBXBuildFile; fileRef = E619727F1EFD58D7008F1F43 /* SettingsController.swift */; };
		E61972821EFD596C008F1F43 /* NewsDetailController.swift in Sources */ = {isa = PBXBuildFile; fileRef = E61972811EFD596B008F1F43 /* NewsDetailController.swift */; };
		E61972841EFD59B8008F1F43 /* LikesController.swift in Sources */ = {isa = PBXBuildFile; fileRef = E61972831EFD59B8008F1F43 /* LikesController.swift */; };
		E61972861EFD59CF008F1F43 /* CommentsController.swift in Sources */ = {isa = PBXBuildFile; fileRef = E61972851EFD59CF008F1F43 /* CommentsController.swift */; };
		E61972881EFD5AAA008F1F43 /* StatSheetController.swift in Sources */ = {isa = PBXBuildFile; fileRef = E61972871EFD5AA9008F1F43 /* StatSheetController.swift */; };
		E619728A1EFD5B16008F1F43 /* FormsController.swift in Sources */ = {isa = PBXBuildFile; fileRef = E61972891EFD5B16008F1F43 /* FormsController.swift */; };
		E619728C1EFD5B6F008F1F43 /* CalendarController.swift in Sources */ = {isa = PBXBuildFile; fileRef = E619728B1EFD5B6F008F1F43 /* CalendarController.swift */; };
		E619728E1EFD5BF4008F1F43 /* NotificationsController.swift in Sources */ = {isa = PBXBuildFile; fileRef = E619728D1EFD5BF4008F1F43 /* NotificationsController.swift */; };
		E61972901EFD5CB6008F1F43 /* MessagesController.swift in Sources */ = {isa = PBXBuildFile; fileRef = E619728F1EFD5CB6008F1F43 /* MessagesController.swift */; };
		E61972921EFD5CF6008F1F43 /* MessagesDetailController.swift in Sources */ = {isa = PBXBuildFile; fileRef = E61972911EFD5CF6008F1F43 /* MessagesDetailController.swift */; };
		E61972941EFD5D62008F1F43 /* PaymentController.swift in Sources */ = {isa = PBXBuildFile; fileRef = E61972931EFD5D62008F1F43 /* PaymentController.swift */; };
		E61972961EFD5DB7008F1F43 /* PaymentCompleteController.swift in Sources */ = {isa = PBXBuildFile; fileRef = E61972951EFD5DB7008F1F43 /* PaymentCompleteController.swift */; };
		E61972981EFD5E2D008F1F43 /* SearchController.swift in Sources */ = {isa = PBXBuildFile; fileRef = E61972971EFD5E2D008F1F43 /* SearchController.swift */; };
		E61972A61EFDDFB4008F1F43 /* Profile.storyboard in Resources */ = {isa = PBXBuildFile; fileRef = E61972A51EFDDFB4008F1F43 /* Profile.storyboard */; };
		E61972AD1EFDE0CF008F1F43 /* Connect.storyboard in Resources */ = {isa = PBXBuildFile; fileRef = E61972AC1EFDE0CF008F1F43 /* Connect.storyboard */; };
		E61972B01EFDE10D008F1F43 /* News.storyboard in Resources */ = {isa = PBXBuildFile; fileRef = E61972AE1EFDE10D008F1F43 /* News.storyboard */; };
		E61972B21EFDE12C008F1F43 /* Systems.storyboard in Resources */ = {isa = PBXBuildFile; fileRef = E61972B11EFDE12C008F1F43 /* Systems.storyboard */; };
		E61972B51EFDE152008F1F43 /* Camera.storyboard in Resources */ = {isa = PBXBuildFile; fileRef = E61972B31EFDE152008F1F43 /* Camera.storyboard */; };
		E61972B71EFDE213008F1F43 /* Forms.storyboard in Resources */ = {isa = PBXBuildFile; fileRef = E61972B61EFDE213008F1F43 /* Forms.storyboard */; };
		E61972B91EFDE23D008F1F43 /* Payment.storyboard in Resources */ = {isa = PBXBuildFile; fileRef = E61972B81EFDE23D008F1F43 /* Payment.storyboard */; };
		E61972BC1EFDE253008F1F43 /* Search.storyboard in Resources */ = {isa = PBXBuildFile; fileRef = E61972BA1EFDE253008F1F43 /* Search.storyboard */; };
		E61972C01EFDE2B8008F1F43 /* Notifications.storyboard in Resources */ = {isa = PBXBuildFile; fileRef = E61972BF1EFDE2B8008F1F43 /* Notifications.storyboard */; };
		E61972C21EFDE2CB008F1F43 /* Settings.storyboard in Resources */ = {isa = PBXBuildFile; fileRef = E61972C11EFDE2CB008F1F43 /* Settings.storyboard */; };
		E61972C41EFDE2DF008F1F43 /* Messages.storyboard in Resources */ = {isa = PBXBuildFile; fileRef = E61972C31EFDE2DF008F1F43 /* Messages.storyboard */; };
		E61AB02B1F2AA847001BF86E /* TableInputCell.swift in Sources */ = {isa = PBXBuildFile; fileRef = E61AB02A1F2AA847001BF86E /* TableInputCell.swift */; };
		E61AB02D1F2AB77E001BF86E /* SigninExtension.swift in Sources */ = {isa = PBXBuildFile; fileRef = E61AB02C1F2AB77E001BF86E /* SigninExtension.swift */; };
		E61AB02F1F2AC00A001BF86E /* UpdatePassword.swift in Sources */ = {isa = PBXBuildFile; fileRef = E61AB02E1F2AC00A001BF86E /* UpdatePassword.swift */; };
		E634F47B1F33678D00062E68 /* ProfileJSON.swift in Sources */ = {isa = PBXBuildFile; fileRef = E634F47A1F33678D00062E68 /* ProfileJSON.swift */; };
		E634F47D1F33695700062E68 /* PostJSON.swift in Sources */ = {isa = PBXBuildFile; fileRef = E634F47C1F33695700062E68 /* PostJSON.swift */; };
		E634F47F1F33699B00062E68 /* InterestsJSON.swift in Sources */ = {isa = PBXBuildFile; fileRef = E634F47E1F33699B00062E68 /* InterestsJSON.swift */; };
		E634F4811F3369EE00062E68 /* PursuitJSON.swift in Sources */ = {isa = PBXBuildFile; fileRef = E634F4801F3369EE00062E68 /* PursuitJSON.swift */; };
		E63A7E7D1F0EAFAF00AD6A98 /* Lambda.swift in Sources */ = {isa = PBXBuildFile; fileRef = E63A7E7C1F0EAFAF00AD6A98 /* Lambda.swift */; };
		E68DE2A71F0EF66B00B55962 /* CalendarJSON.swift in Sources */ = {isa = PBXBuildFile; fileRef = E68DE2A61F0EF66B00B55962 /* CalendarJSON.swift */; };
		E6904F621F33BFFE00F2EEEB /* ForgotController.swift in Sources */ = {isa = PBXBuildFile; fileRef = E6904F611F33BFFE00F2EEEB /* ForgotController.swift */; };
		E6BE5C491F2B9AF100CEB872 /* AWSAPIGateway.framework in Frameworks */ = {isa = PBXBuildFile; fileRef = E6BE5C451F2B9AE800CEB872 /* AWSAPIGateway.framework */; };
		E6BE5C4A1F2B9AF100CEB872 /* AWSAPIGateway.framework in Embed Frameworks */ = {isa = PBXBuildFile; fileRef = E6BE5C451F2B9AE800CEB872 /* AWSAPIGateway.framework */; settings = {ATTRIBUTES = (CodeSignOnCopy, RemoveHeadersOnCopy, ); }; };
		E6BE5C4B1F2B9AF800CEB872 /* AWSCore.framework in Frameworks */ = {isa = PBXBuildFile; fileRef = E6BE5C461F2B9AE800CEB872 /* AWSCore.framework */; };
		E6BE5C4C1F2B9AF800CEB872 /* AWSCore.framework in Embed Frameworks */ = {isa = PBXBuildFile; fileRef = E6BE5C461F2B9AE800CEB872 /* AWSCore.framework */; settings = {ATTRIBUTES = (CodeSignOnCopy, RemoveHeadersOnCopy, ); }; };
		E6BE5C4D1F2B9B0900CEB872 /* AWSCognitoIdentityProvider.framework in Frameworks */ = {isa = PBXBuildFile; fileRef = E6BE5C471F2B9AE900CEB872 /* AWSCognitoIdentityProvider.framework */; };
		E6BE5C4E1F2B9B0900CEB872 /* AWSCognitoIdentityProvider.framework in Embed Frameworks */ = {isa = PBXBuildFile; fileRef = E6BE5C471F2B9AE900CEB872 /* AWSCognitoIdentityProvider.framework */; settings = {ATTRIBUTES = (CodeSignOnCopy, RemoveHeadersOnCopy, ); }; };
		E6BE5C4F1F2B9B0F00CEB872 /* AWSDynamoDB.framework in Frameworks */ = {isa = PBXBuildFile; fileRef = E6BE5C441F2B9AE700CEB872 /* AWSDynamoDB.framework */; };
		E6BE5C501F2B9B0F00CEB872 /* AWSDynamoDB.framework in Embed Frameworks */ = {isa = PBXBuildFile; fileRef = E6BE5C441F2B9AE700CEB872 /* AWSDynamoDB.framework */; settings = {ATTRIBUTES = (CodeSignOnCopy, RemoveHeadersOnCopy, ); }; };
		E6BE5C511F2B9B1500CEB872 /* AWSS3.framework in Frameworks */ = {isa = PBXBuildFile; fileRef = E6BE5C481F2B9AE900CEB872 /* AWSS3.framework */; };
		E6BE5C521F2B9B1500CEB872 /* AWSS3.framework in Embed Frameworks */ = {isa = PBXBuildFile; fileRef = E6BE5C481F2B9AE900CEB872 /* AWSS3.framework */; settings = {ATTRIBUTES = (CodeSignOnCopy, RemoveHeadersOnCopy, ); }; };
		E6BE5C591F2B9C0400CEB872 /* AWSCognito.framework in Frameworks */ = {isa = PBXBuildFile; fileRef = E6BE5C581F2B9BFD00CEB872 /* AWSCognito.framework */; };
		E6BE5C5A1F2B9C0400CEB872 /* AWSCognito.framework in Embed Frameworks */ = {isa = PBXBuildFile; fileRef = E6BE5C581F2B9BFD00CEB872 /* AWSCognito.framework */; settings = {ATTRIBUTES = (CodeSignOnCopy, RemoveHeadersOnCopy, ); }; };
		E6BE5C7A1F2B9E7200CEB872 /* AddressBook.framework in Frameworks */ = {isa = PBXBuildFile; fileRef = E6BE5C5D1F2B9E7000CEB872 /* AddressBook.framework */; };
		E6BE5C7B1F2B9E7200CEB872 /* GoogleSignIn.bundle in Resources */ = {isa = PBXBuildFile; fileRef = E6BE5C5E1F2B9E7200CEB872 /* GoogleSignIn.bundle */; };
		E6BE5C7C1F2B9E7200CEB872 /* AWSGoogleSignInResources.bundle in Resources */ = {isa = PBXBuildFile; fileRef = E6BE5C5F1F2B9E7200CEB872 /* AWSGoogleSignInResources.bundle */; };
		E6BE5C7D1F2B9E7200CEB872 /* GoogleAuthUtilities.framework in Frameworks */ = {isa = PBXBuildFile; fileRef = E6BE5C601F2B9E7200CEB872 /* GoogleAuthUtilities.framework */; };
		E6BE5C7E1F2B9E7200CEB872 /* AWSCognitoIdentityProvider.framework in Frameworks */ = {isa = PBXBuildFile; fileRef = E6BE5C611F2B9E7200CEB872 /* AWSCognitoIdentityProvider.framework */; };
		E6BE5C7F1F2B9E7200CEB872 /* AWSAPIGateway.framework in Frameworks */ = {isa = PBXBuildFile; fileRef = E6BE5C621F2B9E7200CEB872 /* AWSAPIGateway.framework */; };
		E6BE5C801F2B9E7200CEB872 /* AWSCognito.framework in Frameworks */ = {isa = PBXBuildFile; fileRef = E6BE5C631F2B9E7200CEB872 /* AWSCognito.framework */; };
		E6BE5C811F2B9E7200CEB872 /* GoogleSymbolUtilities.framework in Frameworks */ = {isa = PBXBuildFile; fileRef = E6BE5C641F2B9E7200CEB872 /* GoogleSymbolUtilities.framework */; };
		E6BE5C821F2B9E7200CEB872 /* GoogleAppUtilities.framework in Frameworks */ = {isa = PBXBuildFile; fileRef = E6BE5C651F2B9E7200CEB872 /* GoogleAppUtilities.framework */; };
		E6BE5C831F2B9E7200CEB872 /* AWSS3.framework in Frameworks */ = {isa = PBXBuildFile; fileRef = E6BE5C661F2B9E7200CEB872 /* AWSS3.framework */; };
		E6BE5C841F2B9E7200CEB872 /* AWSMobileHubHelper.framework in Frameworks */ = {isa = PBXBuildFile; fileRef = E6BE5C671F2B9E7200CEB872 /* AWSMobileHubHelper.framework */; };
		E6BE5C851F2B9E7200CEB872 /* AWSDynamoDB.framework in Frameworks */ = {isa = PBXBuildFile; fileRef = E6BE5C681F2B9E7200CEB872 /* AWSDynamoDB.framework */; };
		E6BE5C861F2B9E7200CEB872 /* GoogleNetworkingUtilities.framework in Frameworks */ = {isa = PBXBuildFile; fileRef = E6BE5C691F2B9E7200CEB872 /* GoogleNetworkingUtilities.framework */; };
		E6BE5C871F2B9E7200CEB872 /* AWSCognitoUserPoolsSignIn.framework in Frameworks */ = {isa = PBXBuildFile; fileRef = E6BE5C6A1F2B9E7200CEB872 /* AWSCognitoUserPoolsSignIn.framework */; };
		E6BE5C881F2B9E7200CEB872 /* GoogleUtilities.framework in Frameworks */ = {isa = PBXBuildFile; fileRef = E6BE5C6B1F2B9E7200CEB872 /* GoogleUtilities.framework */; };
		E6BE5C891F2B9E7200CEB872 /* GoogleSignIn.framework in Frameworks */ = {isa = PBXBuildFile; fileRef = E6BE5C6C1F2B9E7200CEB872 /* GoogleSignIn.framework */; };
		E6BE5C8A1F2B9E7200CEB872 /* AWSCore.framework in Frameworks */ = {isa = PBXBuildFile; fileRef = E6BE5C6D1F2B9E7200CEB872 /* AWSCore.framework */; };
		E6BE5C8B1F2B9E7200CEB872 /* AWSGoogleSignIn.framework in Frameworks */ = {isa = PBXBuildFile; fileRef = E6BE5C6E1F2B9E7200CEB872 /* AWSGoogleSignIn.framework */; };
		E6BE5C8C1F2B9E7200CEB872 /* MediaPlayer.framework in Frameworks */ = {isa = PBXBuildFile; fileRef = E6BE5C6F1F2B9E7200CEB872 /* MediaPlayer.framework */; };
		E6BE5C8D1F2B9E7200CEB872 /* AVFoundation.framework in Frameworks */ = {isa = PBXBuildFile; fileRef = E6BE5C701F2B9E7200CEB872 /* AVFoundation.framework */; };
		E6BE5C8E1F2B9E7200CEB872 /* Security.framework in Frameworks */ = {isa = PBXBuildFile; fileRef = E6BE5C711F2B9E7200CEB872 /* Security.framework */; };
		E6BE5C8F1F2B9E7200CEB872 /* libz.tbd in Frameworks */ = {isa = PBXBuildFile; fileRef = E6BE5C721F2B9E7200CEB872 /* libz.tbd */; };
		E6BE5C901F2B9E7200CEB872 /* libsqlite3.tbd in Frameworks */ = {isa = PBXBuildFile; fileRef = E6BE5C731F2B9E7200CEB872 /* libsqlite3.tbd */; };
		E6BE5C911F2B9E7200CEB872 /* CFNetwork.framework in Frameworks */ = {isa = PBXBuildFile; fileRef = E6BE5C741F2B9E7200CEB872 /* CFNetwork.framework */; };
		E6BE5C921F2B9E7200CEB872 /* UIKit.framework in Frameworks */ = {isa = PBXBuildFile; fileRef = E6BE5C751F2B9E7200CEB872 /* UIKit.framework */; };
		E6BE5C931F2B9E7200CEB872 /* SystemConfiguration.framework in Frameworks */ = {isa = PBXBuildFile; fileRef = E6BE5C761F2B9E7200CEB872 /* SystemConfiguration.framework */; };
		E6BE5C941F2B9E7200CEB872 /* SafariServices.framework in Frameworks */ = {isa = PBXBuildFile; fileRef = E6BE5C771F2B9E7200CEB872 /* SafariServices.framework */; };
		E6BE5C951F2B9E7300CEB872 /* AVKit.framework in Frameworks */ = {isa = PBXBuildFile; fileRef = E6BE5C781F2B9E7200CEB872 /* AVKit.framework */; };
		E6BE5C961F2B9E7300CEB872 /* Foundation.framework in Frameworks */ = {isa = PBXBuildFile; fileRef = E6BE5C791F2B9E7200CEB872 /* Foundation.framework */; };
		E6DD47E01EFEB106003079C4 /* ProfileModel.swift in Sources */ = {isa = PBXBuildFile; fileRef = E6DD47DF1EFEB106003079C4 /* ProfileModel.swift */; };
/* End PBXBuildFile section */

/* Begin PBXCopyFilesBuildPhase section */
		E61642251F2AA41E0013849E /* Embed Frameworks */ = {
			isa = PBXCopyFilesBuildPhase;
			buildActionMask = 2147483647;
			dstPath = "";
			dstSubfolderSpec = 10;
			files = (
				E6BE5C5A1F2B9C0400CEB872 /* AWSCognito.framework in Embed Frameworks */,
				E6BE5C4A1F2B9AF100CEB872 /* AWSAPIGateway.framework in Embed Frameworks */,
				E6BE5C4E1F2B9B0900CEB872 /* AWSCognitoIdentityProvider.framework in Embed Frameworks */,
				E6BE5C501F2B9B0F00CEB872 /* AWSDynamoDB.framework in Embed Frameworks */,
				E6BE5C4C1F2B9AF800CEB872 /* AWSCore.framework in Embed Frameworks */,
				E6BE5C521F2B9B1500CEB872 /* AWSS3.framework in Embed Frameworks */,
			);
			name = "Embed Frameworks";
			runOnlyForDeploymentPostprocessing = 0;
		};
/* End PBXCopyFilesBuildPhase section */

/* Begin PBXFileReference section */
		698489EB70D609DC9EC7B88C /* Pods-Glory.debug.xcconfig */ = {isa = PBXFileReference; includeInIndex = 1; lastKnownFileType = text.xcconfig; name = "Pods-Glory.debug.xcconfig"; path = "Pods/Target Support Files/Pods-Glory/Pods-Glory.debug.xcconfig"; sourceTree = "<group>"; };
		95730F128733AC21FCD31C6F /* Pods-Glory.release.xcconfig */ = {isa = PBXFileReference; includeInIndex = 1; lastKnownFileType = text.xcconfig; name = "Pods-Glory.release.xcconfig"; path = "Pods/Target Support Files/Pods-Glory/Pods-Glory.release.xcconfig"; sourceTree = "<group>"; };
		B852E70D90F9EEE6E4B761A7 /* Pods_Glory.framework */ = {isa = PBXFileReference; explicitFileType = wrapper.framework; includeInIndex = 0; path = Pods_Glory.framework; sourceTree = BUILT_PRODUCTS_DIR; };
		E604F1641F369BB10009AC7F /* engagements.json */ = {isa = PBXFileReference; fileEncoding = 4; lastKnownFileType = text.json; name = engagements.json; path = "../../../Lambda-Functions/serverless-crud/json/engagements.json"; sourceTree = "<group>"; };
		E604F1651F369BB10009AC7F /* calendarDetails.json */ = {isa = PBXFileReference; fileEncoding = 4; lastKnownFileType = text.json; name = calendarDetails.json; path = "../../../Lambda-Functions/serverless-crud/json/calendarDetails.json"; sourceTree = "<group>"; };
		E604F1661F369BB10009AC7F /* posts.json */ = {isa = PBXFileReference; fileEncoding = 4; lastKnownFileType = text.json; name = posts.json; path = "../../../Lambda-Functions/serverless-crud/json/posts.json"; sourceTree = "<group>"; };
		E604F1671F369BB10009AC7F /* accountDetails.json */ = {isa = PBXFileReference; fileEncoding = 4; lastKnownFileType = text.json; name = accountDetails.json; path = "../../../Lambda-Functions/serverless-crud/json/accountDetails.json"; sourceTree = "<group>"; };
		E604F1681F369BB10009AC7F /* formDetails.json */ = {isa = PBXFileReference; fileEncoding = 4; lastKnownFileType = text.json; name = formDetails.json; path = "../../../Lambda-Functions/serverless-crud/json/formDetails.json"; sourceTree = "<group>"; };
		E604F1691F369BB10009AC7F /* accountAdded.json */ = {isa = PBXFileReference; fileEncoding = 4; lastKnownFileType = text.json; name = accountAdded.json; path = "../../../Lambda-Functions/serverless-crud/json/accountAdded.json"; sourceTree = "<group>"; };
		E604F16A1F369BB10009AC7F /* interests.json */ = {isa = PBXFileReference; fileEncoding = 4; lastKnownFileType = text.json; name = interests.json; path = "../../../Lambda-Functions/serverless-crud/json/interests.json"; sourceTree = "<group>"; };
		E604F16B1F369BB10009AC7F /* accounts.json */ = {isa = PBXFileReference; fileEncoding = 4; lastKnownFileType = text.json; name = accounts.json; path = "../../../Lambda-Functions/serverless-crud/json/accounts.json"; sourceTree = "<group>"; };
		E604F16C1F369BB10009AC7F /* userInterests.json */ = {isa = PBXFileReference; fileEncoding = 4; lastKnownFileType = text.json; name = userInterests.json; path = "../../../Lambda-Functions/serverless-crud/json/userInterests.json"; sourceTree = "<group>"; };
		E604F16D1F369BB10009AC7F /* pursuitSteps.json */ = {isa = PBXFileReference; fileEncoding = 4; lastKnownFileType = text.json; name = pursuitSteps.json; path = "../../../Lambda-Functions/serverless-crud/json/pursuitSteps.json"; sourceTree = "<group>"; };
		E604F16E1F369BB10009AC7F /* calendar.json */ = {isa = PBXFileReference; fileEncoding = 4; lastKnownFileType = text.json; name = calendar.json; path = "../../../Lambda-Functions/serverless-crud/json/calendar.json"; sourceTree = "<group>"; };
		E604F16F1F369BB10009AC7F /* pursuitDetails.json */ = {isa = PBXFileReference; fileEncoding = 4; lastKnownFileType = text.json; name = pursuitDetails.json; path = "../../../Lambda-Functions/serverless-crud/json/pursuitDetails.json"; sourceTree = "<group>"; };
		E604F1701F369BB10009AC7F /* pursuit.json */ = {isa = PBXFileReference; fileEncoding = 4; lastKnownFileType = text.json; name = pursuit.json; path = "../../../Lambda-Functions/serverless-crud/json/pursuit.json"; sourceTree = "<group>"; };
		E604F1711F369BB20009AC7F /* forms.json */ = {isa = PBXFileReference; fileEncoding = 4; lastKnownFileType = text.json; name = forms.json; path = "../../../Lambda-Functions/serverless-crud/json/forms.json"; sourceTree = "<group>"; };
		E60E94D41F27F4EC003CDDEE /* ContactsController.swift */ = {isa = PBXFileReference; lastKnownFileType = sourcecode.swift; path = ContactsController.swift; sourceTree = "<group>"; };
		E61641CC1F2A9A9D0013849E /* FormTableCell.swift */ = {isa = PBXFileReference; lastKnownFileType = sourcecode.swift; path = FormTableCell.swift; sourceTree = "<group>"; };
		E61641CE1F2A9AEA0013849E /* FormTableDelegate.swift */ = {isa = PBXFileReference; lastKnownFileType = sourcecode.swift; path = FormTableDelegate.swift; sourceTree = "<group>"; };
		E61641D01F2A9D860013849E /* UserPoolsUIHelper.swift */ = {isa = PBXFileReference; lastKnownFileType = sourcecode.swift; path = UserPoolsUIHelper.swift; sourceTree = "<group>"; };
		E61641D21F2A9DCF0013849E /* UserPoolsSignUpConfirmationViewController.swift */ = {isa = PBXFileReference; lastKnownFileType = sourcecode.swift; path = UserPoolsSignUpConfirmationViewController.swift; sourceTree = "<group>"; };
		E61641D61F2A9FFF0013849E /* AWSAPI_J5F6MFS1L5_GloryUpMobileHubClient.h */ = {isa = PBXFileReference; lastKnownFileType = sourcecode.c.h; path = AWSAPI_J5F6MFS1L5_GloryUpMobileHubClient.h; sourceTree = "<group>"; };
		E61641D71F2A9FFF0013849E /* AWSAPI_J5F6MFS1L5_GloryUpMobileHubClient.m */ = {isa = PBXFileReference; lastKnownFileType = sourcecode.c.objc; path = AWSAPI_J5F6MFS1L5_GloryUpMobileHubClient.m; sourceTree = "<group>"; };
		E61641D81F2A9FFF0013849E /* AWSAPI_J5F6MFS1L5_RequestSchema.h */ = {isa = PBXFileReference; lastKnownFileType = sourcecode.c.h; path = AWSAPI_J5F6MFS1L5_RequestSchema.h; sourceTree = "<group>"; };
		E61641D91F2A9FFF0013849E /* AWSAPI_J5F6MFS1L5_RequestSchema.m */ = {isa = PBXFileReference; lastKnownFileType = sourcecode.c.objc; path = AWSAPI_J5F6MFS1L5_RequestSchema.m; sourceTree = "<group>"; };
		E61641DA1F2A9FFF0013849E /* AWSAPI_J5F6MFS1L5_ResponseSchema.h */ = {isa = PBXFileReference; lastKnownFileType = sourcecode.c.h; path = AWSAPI_J5F6MFS1L5_ResponseSchema.h; sourceTree = "<group>"; };
		E61641DB1F2A9FFF0013849E /* AWSAPI_J5F6MFS1L5_ResponseSchema.m */ = {isa = PBXFileReference; lastKnownFileType = sourcecode.c.objc; path = AWSAPI_J5F6MFS1L5_ResponseSchema.m; sourceTree = "<group>"; };
		E61641DC1F2A9FFF0013849E /* AWSCognitoUserPoolsSignIn.framework */ = {isa = PBXFileReference; lastKnownFileType = wrapper.framework; path = AWSCognitoUserPoolsSignIn.framework; sourceTree = "<group>"; };
		E61641DD1F2A9FFF0013849E /* AWSConfiguration.swift */ = {isa = PBXFileReference; lastKnownFileType = sourcecode.swift; path = AWSConfiguration.swift; sourceTree = "<group>"; };
		E61641DE1F2A9FFF0013849E /* AWSGoogleSignIn.framework */ = {isa = PBXFileReference; lastKnownFileType = wrapper.framework; path = AWSGoogleSignIn.framework; sourceTree = "<group>"; };
		E61641DF1F2A9FFF0013849E /* AWSGoogleSignInResources.bundle */ = {isa = PBXFileReference; lastKnownFileType = "wrapper.plug-in"; path = AWSGoogleSignInResources.bundle; sourceTree = "<group>"; };
		E61641E01F2A9FFF0013849E /* AWSMobileClient.swift */ = {isa = PBXFileReference; lastKnownFileType = sourcecode.swift; path = AWSMobileClient.swift; sourceTree = "<group>"; };
		E61641E11F2A9FFF0013849E /* AWSMobileHubHelper.framework */ = {isa = PBXFileReference; lastKnownFileType = wrapper.framework; path = AWSMobileHubHelper.framework; sourceTree = "<group>"; };
		E61641E21F2A9FFF0013849E /* Bridging_Header.h */ = {isa = PBXFileReference; lastKnownFileType = sourcecode.c.h; path = Bridging_Header.h; sourceTree = "<group>"; };
		E61641E51F2A9FFF0013849E /* News.swift */ = {isa = PBXFileReference; lastKnownFileType = sourcecode.swift; path = News.swift; sourceTree = "<group>"; };
		E6194CA61EFEB5EB004764D5 /* ConnectModel.swift */ = {isa = PBXFileReference; fileEncoding = 4; lastKnownFileType = sourcecode.swift; path = ConnectModel.swift; sourceTree = "<group>"; };
		E6194CA81EFEB641004764D5 /* NewsModel.swift */ = {isa = PBXFileReference; fileEncoding = 4; lastKnownFileType = sourcecode.swift; path = NewsModel.swift; sourceTree = "<group>"; };
		E6194CAA1EFEB679004764D5 /* SystemsModel.swift */ = {isa = PBXFileReference; fileEncoding = 4; lastKnownFileType = sourcecode.swift; path = SystemsModel.swift; sourceTree = "<group>"; };
		E6194CAC1EFEB6C7004764D5 /* InterestsModel.swift */ = {isa = PBXFileReference; fileEncoding = 4; lastKnownFileType = sourcecode.swift; path = InterestsModel.swift; sourceTree = "<group>"; };
		E6194CAE1EFEB6FD004764D5 /* FormsModel.swift */ = {isa = PBXFileReference; fileEncoding = 4; lastKnownFileType = sourcecode.swift; path = FormsModel.swift; sourceTree = "<group>"; };
		E6194CB01EFEB744004764D5 /* CalendarModel.swift */ = {isa = PBXFileReference; fileEncoding = 4; lastKnownFileType = sourcecode.swift; path = CalendarModel.swift; sourceTree = "<group>"; };
		E6194CB21EFEB781004764D5 /* EngagementsModel.swift */ = {isa = PBXFileReference; fileEncoding = 4; lastKnownFileType = sourcecode.swift; path = EngagementsModel.swift; sourceTree = "<group>"; };
		E6194CB41EFEB7D3004764D5 /* MessagesModel.swift */ = {isa = PBXFileReference; fileEncoding = 4; lastKnownFileType = sourcecode.swift; path = MessagesModel.swift; sourceTree = "<group>"; };
		E6194CB61EFEB805004764D5 /* SearchModel.swift */ = {isa = PBXFileReference; fileEncoding = 4; lastKnownFileType = sourcecode.swift; path = SearchModel.swift; sourceTree = "<group>"; };
		E61972551EFD52C6008F1F43 /* Glory.app */ = {isa = PBXFileReference; explicitFileType = wrapper.application; includeInIndex = 0; path = Glory.app; sourceTree = BUILT_PRODUCTS_DIR; };
		E61972581EFD52C6008F1F43 /* AppDelegate.swift */ = {isa = PBXFileReference; lastKnownFileType = sourcecode.swift; path = AppDelegate.swift; sourceTree = "<group>"; };
		E619725A1EFD52C6008F1F43 /* ViewController.swift */ = {isa = PBXFileReference; lastKnownFileType = sourcecode.swift; path = ViewController.swift; sourceTree = "<group>"; };
		E619725D1EFD52C6008F1F43 /* Base */ = {isa = PBXFileReference; lastKnownFileType = file.storyboard; name = Base; path = Base.lproj/Main.storyboard; sourceTree = "<group>"; };
		E619725F1EFD52C6008F1F43 /* Assets.xcassets */ = {isa = PBXFileReference; lastKnownFileType = folder.assetcatalog; path = Assets.xcassets; sourceTree = "<group>"; };
		E61972621EFD52C6008F1F43 /* Base */ = {isa = PBXFileReference; lastKnownFileType = file.storyboard; name = Base; path = Base.lproj/LaunchScreen.storyboard; sourceTree = "<group>"; };
		E61972641EFD52C6008F1F43 /* Info.plist */ = {isa = PBXFileReference; lastKnownFileType = text.plist.xml; path = Info.plist; sourceTree = "<group>"; };
		E619726B1EFD534D008F1F43 /* SigninController.swift */ = {isa = PBXFileReference; fileEncoding = 4; lastKnownFileType = sourcecode.swift; path = SigninController.swift; sourceTree = "<group>"; };
		E619726D1EFD53F0008F1F43 /* SignupController.swift */ = {isa = PBXFileReference; fileEncoding = 4; lastKnownFileType = sourcecode.swift; path = SignupController.swift; sourceTree = "<group>"; };
		E61972711EFD54AD008F1F43 /* InterestsController.swift */ = {isa = PBXFileReference; fileEncoding = 4; lastKnownFileType = sourcecode.swift; path = InterestsController.swift; sourceTree = "<group>"; };
		E61972731EFD55C6008F1F43 /* ProfileController.swift */ = {isa = PBXFileReference; fileEncoding = 4; lastKnownFileType = sourcecode.swift; path = ProfileController.swift; sourceTree = "<group>"; };
		E61972751EFD5712008F1F43 /* ConnectController.swift */ = {isa = PBXFileReference; fileEncoding = 4; lastKnownFileType = sourcecode.swift; path = ConnectController.swift; sourceTree = "<group>"; };
		E61972771EFD5758008F1F43 /* NewsController.swift */ = {isa = PBXFileReference; fileEncoding = 4; lastKnownFileType = sourcecode.swift; path = NewsController.swift; sourceTree = "<group>"; };
		E61972791EFD57C2008F1F43 /* SystemsController.swift */ = {isa = PBXFileReference; fileEncoding = 4; lastKnownFileType = sourcecode.swift; path = SystemsController.swift; sourceTree = "<group>"; };
		E619727B1EFD5807008F1F43 /* CameraController.swift */ = {isa = PBXFileReference; fileEncoding = 4; lastKnownFileType = sourcecode.swift; path = CameraController.swift; sourceTree = "<group>"; };
		E619727D1EFD5871008F1F43 /* EditProfileController.swift */ = {isa = PBXFileReference; fileEncoding = 4; lastKnownFileType = sourcecode.swift; path = EditProfileController.swift; sourceTree = "<group>"; };
		E619727F1EFD58D7008F1F43 /* SettingsController.swift */ = {isa = PBXFileReference; fileEncoding = 4; lastKnownFileType = sourcecode.swift; path = SettingsController.swift; sourceTree = "<group>"; };
		E61972811EFD596B008F1F43 /* NewsDetailController.swift */ = {isa = PBXFileReference; fileEncoding = 4; lastKnownFileType = sourcecode.swift; path = NewsDetailController.swift; sourceTree = "<group>"; };
		E61972831EFD59B8008F1F43 /* LikesController.swift */ = {isa = PBXFileReference; fileEncoding = 4; lastKnownFileType = sourcecode.swift; path = LikesController.swift; sourceTree = "<group>"; };
		E61972851EFD59CF008F1F43 /* CommentsController.swift */ = {isa = PBXFileReference; fileEncoding = 4; lastKnownFileType = sourcecode.swift; path = CommentsController.swift; sourceTree = "<group>"; };
		E61972871EFD5AA9008F1F43 /* StatSheetController.swift */ = {isa = PBXFileReference; fileEncoding = 4; lastKnownFileType = sourcecode.swift; path = StatSheetController.swift; sourceTree = "<group>"; };
		E61972891EFD5B16008F1F43 /* FormsController.swift */ = {isa = PBXFileReference; fileEncoding = 4; lastKnownFileType = sourcecode.swift; path = FormsController.swift; sourceTree = "<group>"; };
		E619728B1EFD5B6F008F1F43 /* CalendarController.swift */ = {isa = PBXFileReference; fileEncoding = 4; lastKnownFileType = sourcecode.swift; path = CalendarController.swift; sourceTree = "<group>"; };
		E619728D1EFD5BF4008F1F43 /* NotificationsController.swift */ = {isa = PBXFileReference; fileEncoding = 4; lastKnownFileType = sourcecode.swift; path = NotificationsController.swift; sourceTree = "<group>"; };
		E619728F1EFD5CB6008F1F43 /* MessagesController.swift */ = {isa = PBXFileReference; fileEncoding = 4; lastKnownFileType = sourcecode.swift; path = MessagesController.swift; sourceTree = "<group>"; };
		E61972911EFD5CF6008F1F43 /* MessagesDetailController.swift */ = {isa = PBXFileReference; fileEncoding = 4; lastKnownFileType = sourcecode.swift; path = MessagesDetailController.swift; sourceTree = "<group>"; };
		E61972931EFD5D62008F1F43 /* PaymentController.swift */ = {isa = PBXFileReference; fileEncoding = 4; lastKnownFileType = sourcecode.swift; path = PaymentController.swift; sourceTree = "<group>"; };
		E61972951EFD5DB7008F1F43 /* PaymentCompleteController.swift */ = {isa = PBXFileReference; fileEncoding = 4; lastKnownFileType = sourcecode.swift; path = PaymentCompleteController.swift; sourceTree = "<group>"; };
		E61972971EFD5E2D008F1F43 /* SearchController.swift */ = {isa = PBXFileReference; fileEncoding = 4; lastKnownFileType = sourcecode.swift; path = SearchController.swift; sourceTree = "<group>"; };
		E61972A51EFDDFB4008F1F43 /* Profile.storyboard */ = {isa = PBXFileReference; fileEncoding = 4; lastKnownFileType = file.storyboard; path = Profile.storyboard; sourceTree = "<group>"; };
		E61972AC1EFDE0CF008F1F43 /* Connect.storyboard */ = {isa = PBXFileReference; fileEncoding = 4; lastKnownFileType = file.storyboard; path = Connect.storyboard; sourceTree = "<group>"; };
		E61972AF1EFDE10D008F1F43 /* Base */ = {isa = PBXFileReference; lastKnownFileType = file.storyboard; name = Base; path = Base.lproj/News.storyboard; sourceTree = "<group>"; };
		E61972B11EFDE12C008F1F43 /* Systems.storyboard */ = {isa = PBXFileReference; fileEncoding = 4; lastKnownFileType = file.storyboard; path = Systems.storyboard; sourceTree = "<group>"; };
		E61972B41EFDE152008F1F43 /* Base */ = {isa = PBXFileReference; lastKnownFileType = file.storyboard; name = Base; path = Base.lproj/Camera.storyboard; sourceTree = "<group>"; };
		E61972B61EFDE213008F1F43 /* Forms.storyboard */ = {isa = PBXFileReference; fileEncoding = 4; lastKnownFileType = file.storyboard; path = Forms.storyboard; sourceTree = "<group>"; };
		E61972B81EFDE23D008F1F43 /* Payment.storyboard */ = {isa = PBXFileReference; fileEncoding = 4; lastKnownFileType = file.storyboard; path = Payment.storyboard; sourceTree = "<group>"; };
		E61972BB1EFDE253008F1F43 /* Base */ = {isa = PBXFileReference; lastKnownFileType = file.storyboard; name = Base; path = Base.lproj/Search.storyboard; sourceTree = "<group>"; };
		E61972BF1EFDE2B8008F1F43 /* Notifications.storyboard */ = {isa = PBXFileReference; fileEncoding = 4; lastKnownFileType = file.storyboard; path = Notifications.storyboard; sourceTree = "<group>"; };
		E61972C11EFDE2CB008F1F43 /* Settings.storyboard */ = {isa = PBXFileReference; fileEncoding = 4; lastKnownFileType = file.storyboard; path = Settings.storyboard; sourceTree = "<group>"; };
		E61972C31EFDE2DF008F1F43 /* Messages.storyboard */ = {isa = PBXFileReference; fileEncoding = 4; lastKnownFileType = file.storyboard; path = Messages.storyboard; sourceTree = "<group>"; };
		E61AB02A1F2AA847001BF86E /* TableInputCell.swift */ = {isa = PBXFileReference; lastKnownFileType = sourcecode.swift; path = TableInputCell.swift; sourceTree = "<group>"; };
		E61AB02C1F2AB77E001BF86E /* SigninExtension.swift */ = {isa = PBXFileReference; lastKnownFileType = sourcecode.swift; path = SigninExtension.swift; sourceTree = "<group>"; };
		E61AB02E1F2AC00A001BF86E /* UpdatePassword.swift */ = {isa = PBXFileReference; lastKnownFileType = sourcecode.swift; path = UpdatePassword.swift; sourceTree = "<group>"; };
		E634F47A1F33678D00062E68 /* ProfileJSON.swift */ = {isa = PBXFileReference; lastKnownFileType = sourcecode.swift; path = ProfileJSON.swift; sourceTree = "<group>"; };
		E634F47C1F33695700062E68 /* PostJSON.swift */ = {isa = PBXFileReference; lastKnownFileType = sourcecode.swift; path = PostJSON.swift; sourceTree = "<group>"; };
		E634F47E1F33699B00062E68 /* InterestsJSON.swift */ = {isa = PBXFileReference; lastKnownFileType = sourcecode.swift; path = InterestsJSON.swift; sourceTree = "<group>"; };
		E634F4801F3369EE00062E68 /* PursuitJSON.swift */ = {isa = PBXFileReference; lastKnownFileType = sourcecode.swift; path = PursuitJSON.swift; sourceTree = "<group>"; };
		E63A7E7C1F0EAFAF00AD6A98 /* Lambda.swift */ = {isa = PBXFileReference; lastKnownFileType = sourcecode.swift; path = Lambda.swift; sourceTree = "<group>"; };
		E68DE2A61F0EF66B00B55962 /* CalendarJSON.swift */ = {isa = PBXFileReference; lastKnownFileType = sourcecode.swift; path = CalendarJSON.swift; sourceTree = "<group>"; };
		E6904F611F33BFFE00F2EEEB /* ForgotController.swift */ = {isa = PBXFileReference; lastKnownFileType = sourcecode.swift; path = ForgotController.swift; sourceTree = "<group>"; };
		E6BE5C441F2B9AE700CEB872 /* AWSDynamoDB.framework */ = {isa = PBXFileReference; lastKnownFileType = wrapper.framework; name = AWSDynamoDB.framework; path = Sdk/Aws/AWSDynamoDB.framework; sourceTree = "<group>"; };
		E6BE5C451F2B9AE800CEB872 /* AWSAPIGateway.framework */ = {isa = PBXFileReference; lastKnownFileType = wrapper.framework; name = AWSAPIGateway.framework; path = Sdk/Aws/AWSAPIGateway.framework; sourceTree = "<group>"; };
		E6BE5C461F2B9AE800CEB872 /* AWSCore.framework */ = {isa = PBXFileReference; lastKnownFileType = wrapper.framework; name = AWSCore.framework; path = Sdk/Aws/AWSCore.framework; sourceTree = "<group>"; };
		E6BE5C471F2B9AE900CEB872 /* AWSCognitoIdentityProvider.framework */ = {isa = PBXFileReference; lastKnownFileType = wrapper.framework; name = AWSCognitoIdentityProvider.framework; path = Sdk/Aws/AWSCognitoIdentityProvider.framework; sourceTree = "<group>"; };
		E6BE5C481F2B9AE900CEB872 /* AWSS3.framework */ = {isa = PBXFileReference; lastKnownFileType = wrapper.framework; name = AWSS3.framework; path = Sdk/Aws/AWSS3.framework; sourceTree = "<group>"; };
		E6BE5C581F2B9BFD00CEB872 /* AWSCognito.framework */ = {isa = PBXFileReference; lastKnownFileType = wrapper.framework; name = AWSCognito.framework; path = Sdk/Aws/extras/AWSCognito.framework; sourceTree = "<group>"; };
		E6BE5C5B1F2B9C9600CEB872 /* AVFoundation.framework */ = {isa = PBXFileReference; lastKnownFileType = wrapper.framework; name = AVFoundation.framework; path = System/Library/Frameworks/AVFoundation.framework; sourceTree = SDKROOT; };
		E6BE5C5C1F2B9CCA00CEB872 /* AWSMobileHubHelper.framework */ = {isa = PBXFileReference; lastKnownFileType = wrapper.framework; path = AWSMobileHubHelper.framework; sourceTree = "<group>"; };
		E6BE5C5D1F2B9E7000CEB872 /* AddressBook.framework */ = {isa = PBXFileReference; lastKnownFileType = wrapper.framework; name = AddressBook.framework; path = System/Library/Frameworks/AddressBook.framework; sourceTree = SDKROOT; };
		E6BE5C5E1F2B9E7200CEB872 /* GoogleSignIn.bundle */ = {isa = PBXFileReference; lastKnownFileType = "wrapper.plug-in"; name = GoogleSignIn.bundle; path = "../GloryUp-aws-my-sample-app-ios-swift/MySampleApp/MySampleApp/Sdk/Google/GoogleSignIn.bundle"; sourceTree = "<group>"; };
		E6BE5C5F1F2B9E7200CEB872 /* AWSGoogleSignInResources.bundle */ = {isa = PBXFileReference; lastKnownFileType = "wrapper.plug-in"; name = AWSGoogleSignInResources.bundle; path = "../GloryUp-aws-my-sample-app-ios-swift/MySampleApp/MySampleApp/AmazonAws/AWSGoogleSignInResources.bundle"; sourceTree = "<group>"; };
		E6BE5C601F2B9E7200CEB872 /* GoogleAuthUtilities.framework */ = {isa = PBXFileReference; lastKnownFileType = wrapper.framework; name = GoogleAuthUtilities.framework; path = "../GloryUp-aws-my-sample-app-ios-swift/MySampleApp/MySampleApp/Sdk/Google/GoogleAuthUtilities.framework"; sourceTree = "<group>"; };
		E6BE5C611F2B9E7200CEB872 /* AWSCognitoIdentityProvider.framework */ = {isa = PBXFileReference; lastKnownFileType = wrapper.framework; name = AWSCognitoIdentityProvider.framework; path = "../GloryUp-aws-my-sample-app-ios-swift/MySampleApp/MySampleApp/Sdk/Aws/AWSCognitoIdentityProvider.framework"; sourceTree = "<group>"; };
		E6BE5C621F2B9E7200CEB872 /* AWSAPIGateway.framework */ = {isa = PBXFileReference; lastKnownFileType = wrapper.framework; name = AWSAPIGateway.framework; path = "../GloryUp-aws-my-sample-app-ios-swift/MySampleApp/MySampleApp/Sdk/Aws/AWSAPIGateway.framework"; sourceTree = "<group>"; };
		E6BE5C631F2B9E7200CEB872 /* AWSCognito.framework */ = {isa = PBXFileReference; lastKnownFileType = wrapper.framework; name = AWSCognito.framework; path = "../GloryUp-aws-my-sample-app-ios-swift/MySampleApp/MySampleApp/Sdk/Aws/extras/AWSCognito.framework"; sourceTree = "<group>"; };
		E6BE5C641F2B9E7200CEB872 /* GoogleSymbolUtilities.framework */ = {isa = PBXFileReference; lastKnownFileType = wrapper.framework; name = GoogleSymbolUtilities.framework; path = "../GloryUp-aws-my-sample-app-ios-swift/MySampleApp/MySampleApp/Sdk/Google/GoogleSymbolUtilities.framework"; sourceTree = "<group>"; };
		E6BE5C651F2B9E7200CEB872 /* GoogleAppUtilities.framework */ = {isa = PBXFileReference; lastKnownFileType = wrapper.framework; name = GoogleAppUtilities.framework; path = "../GloryUp-aws-my-sample-app-ios-swift/MySampleApp/MySampleApp/Sdk/Google/GoogleAppUtilities.framework"; sourceTree = "<group>"; };
		E6BE5C661F2B9E7200CEB872 /* AWSS3.framework */ = {isa = PBXFileReference; lastKnownFileType = wrapper.framework; name = AWSS3.framework; path = "../GloryUp-aws-my-sample-app-ios-swift/MySampleApp/MySampleApp/Sdk/Aws/AWSS3.framework"; sourceTree = "<group>"; };
		E6BE5C671F2B9E7200CEB872 /* AWSMobileHubHelper.framework */ = {isa = PBXFileReference; lastKnownFileType = wrapper.framework; name = AWSMobileHubHelper.framework; path = "../GloryUp-aws-my-sample-app-ios-swift/MySampleApp/MySampleApp/AmazonAws/AWSMobileHubHelper.framework"; sourceTree = "<group>"; };
		E6BE5C681F2B9E7200CEB872 /* AWSDynamoDB.framework */ = {isa = PBXFileReference; lastKnownFileType = wrapper.framework; name = AWSDynamoDB.framework; path = "../GloryUp-aws-my-sample-app-ios-swift/MySampleApp/MySampleApp/Sdk/Aws/AWSDynamoDB.framework"; sourceTree = "<group>"; };
		E6BE5C691F2B9E7200CEB872 /* GoogleNetworkingUtilities.framework */ = {isa = PBXFileReference; lastKnownFileType = wrapper.framework; name = GoogleNetworkingUtilities.framework; path = "../GloryUp-aws-my-sample-app-ios-swift/MySampleApp/MySampleApp/Sdk/Google/GoogleNetworkingUtilities.framework"; sourceTree = "<group>"; };
		E6BE5C6A1F2B9E7200CEB872 /* AWSCognitoUserPoolsSignIn.framework */ = {isa = PBXFileReference; lastKnownFileType = wrapper.framework; name = AWSCognitoUserPoolsSignIn.framework; path = "../GloryUp-aws-my-sample-app-ios-swift/MySampleApp/MySampleApp/AmazonAws/AWSCognitoUserPoolsSignIn.framework"; sourceTree = "<group>"; };
		E6BE5C6B1F2B9E7200CEB872 /* GoogleUtilities.framework */ = {isa = PBXFileReference; lastKnownFileType = wrapper.framework; name = GoogleUtilities.framework; path = "../GloryUp-aws-my-sample-app-ios-swift/MySampleApp/MySampleApp/Sdk/Google/GoogleUtilities.framework"; sourceTree = "<group>"; };
		E6BE5C6C1F2B9E7200CEB872 /* GoogleSignIn.framework */ = {isa = PBXFileReference; lastKnownFileType = wrapper.framework; name = GoogleSignIn.framework; path = "../GloryUp-aws-my-sample-app-ios-swift/MySampleApp/MySampleApp/Sdk/Google/GoogleSignIn.framework"; sourceTree = "<group>"; };
		E6BE5C6D1F2B9E7200CEB872 /* AWSCore.framework */ = {isa = PBXFileReference; lastKnownFileType = wrapper.framework; name = AWSCore.framework; path = "../GloryUp-aws-my-sample-app-ios-swift/MySampleApp/MySampleApp/Sdk/Aws/AWSCore.framework"; sourceTree = "<group>"; };
		E6BE5C6E1F2B9E7200CEB872 /* AWSGoogleSignIn.framework */ = {isa = PBXFileReference; lastKnownFileType = wrapper.framework; name = AWSGoogleSignIn.framework; path = "../GloryUp-aws-my-sample-app-ios-swift/MySampleApp/MySampleApp/AmazonAws/AWSGoogleSignIn.framework"; sourceTree = "<group>"; };
		E6BE5C6F1F2B9E7200CEB872 /* MediaPlayer.framework */ = {isa = PBXFileReference; lastKnownFileType = wrapper.framework; name = MediaPlayer.framework; path = System/Library/Frameworks/MediaPlayer.framework; sourceTree = SDKROOT; };
		E6BE5C701F2B9E7200CEB872 /* AVFoundation.framework */ = {isa = PBXFileReference; lastKnownFileType = wrapper.framework; name = AVFoundation.framework; path = System/Library/Frameworks/AVFoundation.framework; sourceTree = SDKROOT; };
		E6BE5C711F2B9E7200CEB872 /* Security.framework */ = {isa = PBXFileReference; lastKnownFileType = wrapper.framework; name = Security.framework; path = System/Library/Frameworks/Security.framework; sourceTree = SDKROOT; };
		E6BE5C721F2B9E7200CEB872 /* libz.tbd */ = {isa = PBXFileReference; fileEncoding = 4; lastKnownFileType = "sourcecode.text-based-dylib-definition"; name = libz.tbd; path = usr/lib/libz.tbd; sourceTree = SDKROOT; };
		E6BE5C731F2B9E7200CEB872 /* libsqlite3.tbd */ = {isa = PBXFileReference; fileEncoding = 4; lastKnownFileType = "sourcecode.text-based-dylib-definition"; name = libsqlite3.tbd; path = usr/lib/libsqlite3.tbd; sourceTree = SDKROOT; };
		E6BE5C741F2B9E7200CEB872 /* CFNetwork.framework */ = {isa = PBXFileReference; lastKnownFileType = wrapper.framework; name = CFNetwork.framework; path = System/Library/Frameworks/CFNetwork.framework; sourceTree = SDKROOT; };
		E6BE5C751F2B9E7200CEB872 /* UIKit.framework */ = {isa = PBXFileReference; lastKnownFileType = wrapper.framework; name = UIKit.framework; path = System/Library/Frameworks/UIKit.framework; sourceTree = SDKROOT; };
		E6BE5C761F2B9E7200CEB872 /* SystemConfiguration.framework */ = {isa = PBXFileReference; lastKnownFileType = wrapper.framework; name = SystemConfiguration.framework; path = System/Library/Frameworks/SystemConfiguration.framework; sourceTree = SDKROOT; };
		E6BE5C771F2B9E7200CEB872 /* SafariServices.framework */ = {isa = PBXFileReference; lastKnownFileType = wrapper.framework; name = SafariServices.framework; path = System/Library/Frameworks/SafariServices.framework; sourceTree = SDKROOT; };
		E6BE5C781F2B9E7200CEB872 /* AVKit.framework */ = {isa = PBXFileReference; lastKnownFileType = wrapper.framework; name = AVKit.framework; path = System/Library/Frameworks/AVKit.framework; sourceTree = SDKROOT; };
		E6BE5C791F2B9E7200CEB872 /* Foundation.framework */ = {isa = PBXFileReference; lastKnownFileType = wrapper.framework; name = Foundation.framework; path = System/Library/Frameworks/Foundation.framework; sourceTree = SDKROOT; };
		E6DD47DF1EFEB106003079C4 /* ProfileModel.swift */ = {isa = PBXFileReference; fileEncoding = 4; lastKnownFileType = sourcecode.swift; path = ProfileModel.swift; sourceTree = "<group>"; };
/* End PBXFileReference section */

/* Begin PBXFrameworksBuildPhase section */
		E61972521EFD52C6008F1F43 /* Frameworks */ = {
			isa = PBXFrameworksBuildPhase;
			buildActionMask = 2147483647;
			files = (
				E6BE5C851F2B9E7200CEB872 /* AWSDynamoDB.framework in Frameworks */,
				E6BE5C8A1F2B9E7200CEB872 /* AWSCore.framework in Frameworks */,
				E6BE5C901F2B9E7200CEB872 /* libsqlite3.tbd in Frameworks */,
				E6BE5C491F2B9AF100CEB872 /* AWSAPIGateway.framework in Frameworks */,
				E6BE5C7D1F2B9E7200CEB872 /* GoogleAuthUtilities.framework in Frameworks */,
				D06A8954C800841B2FFD979E /* Pods_Glory.framework in Frameworks */,
				E6BE5C7E1F2B9E7200CEB872 /* AWSCognitoIdentityProvider.framework in Frameworks */,
				E6BE5C821F2B9E7200CEB872 /* GoogleAppUtilities.framework in Frameworks */,
				E6BE5C951F2B9E7300CEB872 /* AVKit.framework in Frameworks */,
				E6BE5C8B1F2B9E7200CEB872 /* AWSGoogleSignIn.framework in Frameworks */,
				E6BE5C811F2B9E7200CEB872 /* GoogleSymbolUtilities.framework in Frameworks */,
				E6BE5C891F2B9E7200CEB872 /* GoogleSignIn.framework in Frameworks */,
				E6BE5C7A1F2B9E7200CEB872 /* AddressBook.framework in Frameworks */,
				E6BE5C7F1F2B9E7200CEB872 /* AWSAPIGateway.framework in Frameworks */,
				E6BE5C911F2B9E7200CEB872 /* CFNetwork.framework in Frameworks */,
				E6BE5C941F2B9E7200CEB872 /* SafariServices.framework in Frameworks */,
				E6BE5C8D1F2B9E7200CEB872 /* AVFoundation.framework in Frameworks */,
				E6BE5C801F2B9E7200CEB872 /* AWSCognito.framework in Frameworks */,
				E6BE5C861F2B9E7200CEB872 /* GoogleNetworkingUtilities.framework in Frameworks */,
				E6BE5C961F2B9E7300CEB872 /* Foundation.framework in Frameworks */,
				E6BE5C511F2B9B1500CEB872 /* AWSS3.framework in Frameworks */,
				E6BE5C841F2B9E7200CEB872 /* AWSMobileHubHelper.framework in Frameworks */,
				E6BE5C921F2B9E7200CEB872 /* UIKit.framework in Frameworks */,
				E6BE5C4B1F2B9AF800CEB872 /* AWSCore.framework in Frameworks */,
				E6BE5C8E1F2B9E7200CEB872 /* Security.framework in Frameworks */,
				E6BE5C4D1F2B9B0900CEB872 /* AWSCognitoIdentityProvider.framework in Frameworks */,
				E6BE5C4F1F2B9B0F00CEB872 /* AWSDynamoDB.framework in Frameworks */,
				E6BE5C591F2B9C0400CEB872 /* AWSCognito.framework in Frameworks */,
				E6BE5C831F2B9E7200CEB872 /* AWSS3.framework in Frameworks */,
				E6BE5C881F2B9E7200CEB872 /* GoogleUtilities.framework in Frameworks */,
				E6BE5C8C1F2B9E7200CEB872 /* MediaPlayer.framework in Frameworks */,
				E6BE5C8F1F2B9E7200CEB872 /* libz.tbd in Frameworks */,
				E6BE5C931F2B9E7200CEB872 /* SystemConfiguration.framework in Frameworks */,
				E6BE5C871F2B9E7200CEB872 /* AWSCognitoUserPoolsSignIn.framework in Frameworks */,
			);
			runOnlyForDeploymentPostprocessing = 0;
		};
/* End PBXFrameworksBuildPhase section */

/* Begin PBXGroup section */
		0F9C82C1EBE79C573C4D475E /* Pods */ = {
			isa = PBXGroup;
			children = (
				698489EB70D609DC9EC7B88C /* Pods-Glory.debug.xcconfig */,
				95730F128733AC21FCD31C6F /* Pods-Glory.release.xcconfig */,
			);
			name = Pods;
			sourceTree = "<group>";
		};
		6F01A18D3E931B0B3DC37F30 /* Frameworks */ = {
			isa = PBXGroup;
			children = (
				E6BE5C701F2B9E7200CEB872 /* AVFoundation.framework */,
				E6BE5C781F2B9E7200CEB872 /* AVKit.framework */,
				E6BE5C621F2B9E7200CEB872 /* AWSAPIGateway.framework */,
				E6BE5C631F2B9E7200CEB872 /* AWSCognito.framework */,
				E6BE5C611F2B9E7200CEB872 /* AWSCognitoIdentityProvider.framework */,
				E6BE5C6A1F2B9E7200CEB872 /* AWSCognitoUserPoolsSignIn.framework */,
				E6BE5C6D1F2B9E7200CEB872 /* AWSCore.framework */,
				E6BE5C681F2B9E7200CEB872 /* AWSDynamoDB.framework */,
				E6BE5C6E1F2B9E7200CEB872 /* AWSGoogleSignIn.framework */,
				E6BE5C5F1F2B9E7200CEB872 /* AWSGoogleSignInResources.bundle */,
				E6BE5C5C1F2B9CCA00CEB872 /* AWSMobileHubHelper.framework */,
				E6BE5C5B1F2B9C9600CEB872 /* AVFoundation.framework */,
				E6BE5C671F2B9E7200CEB872 /* AWSMobileHubHelper.framework */,
				E6BE5C661F2B9E7200CEB872 /* AWSS3.framework */,
				E6BE5C5D1F2B9E7000CEB872 /* AddressBook.framework */,
				E6BE5C741F2B9E7200CEB872 /* CFNetwork.framework */,
				E6BE5C791F2B9E7200CEB872 /* Foundation.framework */,
				E6BE5C651F2B9E7200CEB872 /* GoogleAppUtilities.framework */,
				E6BE5C601F2B9E7200CEB872 /* GoogleAuthUtilities.framework */,
				E6BE5C691F2B9E7200CEB872 /* GoogleNetworkingUtilities.framework */,
				E6BE5C5E1F2B9E7200CEB872 /* GoogleSignIn.bundle */,
				E6BE5C6C1F2B9E7200CEB872 /* GoogleSignIn.framework */,
				E6BE5C641F2B9E7200CEB872 /* GoogleSymbolUtilities.framework */,
				E6BE5C6B1F2B9E7200CEB872 /* GoogleUtilities.framework */,
				E6BE5C6F1F2B9E7200CEB872 /* MediaPlayer.framework */,
				E6BE5C771F2B9E7200CEB872 /* SafariServices.framework */,
				E6BE5C711F2B9E7200CEB872 /* Security.framework */,
				E6BE5C761F2B9E7200CEB872 /* SystemConfiguration.framework */,
				E6BE5C751F2B9E7200CEB872 /* UIKit.framework */,
				E6BE5C731F2B9E7200CEB872 /* libsqlite3.tbd */,
				E6BE5C721F2B9E7200CEB872 /* libz.tbd */,
				B852E70D90F9EEE6E4B761A7 /* Pods_Glory.framework */,
			);
			name = Frameworks;
			sourceTree = "<group>";
		};
		E60E94D31F27F4CB003CDDEE /* Contacts */ = {
			isa = PBXGroup;
			children = (
				E60E94D41F27F4EC003CDDEE /* ContactsController.swift */,
			);
			name = Contacts;
			sourceTree = "<group>";
		};
		E61641CB1F2A9A870013849E /* Tables */ = {
			isa = PBXGroup;
			children = (
				E61641CC1F2A9A9D0013849E /* FormTableCell.swift */,
				E61641CE1F2A9AEA0013849E /* FormTableDelegate.swift */,
				E61641D01F2A9D860013849E /* UserPoolsUIHelper.swift */,
				E61641D21F2A9DCF0013849E /* UserPoolsSignUpConfirmationViewController.swift */,
				E61AB02A1F2AA847001BF86E /* TableInputCell.swift */,
			);
			name = Tables;
			sourceTree = "<group>";
		};
		E61641D41F2A9FFF0013849E /* AmazonAws */ = {
			isa = PBXGroup;
			children = (
				E61641D51F2A9FFF0013849E /* Api */,
				E61641DC1F2A9FFF0013849E /* AWSCognitoUserPoolsSignIn.framework */,
				E61641DD1F2A9FFF0013849E /* AWSConfiguration.swift */,
				E61641DE1F2A9FFF0013849E /* AWSGoogleSignIn.framework */,
				E61641DF1F2A9FFF0013849E /* AWSGoogleSignInResources.bundle */,
				E61641E01F2A9FFF0013849E /* AWSMobileClient.swift */,
				E61641E11F2A9FFF0013849E /* AWSMobileHubHelper.framework */,
				E61641E31F2A9FFF0013849E /* Models */,
			);
			path = AmazonAws;
			sourceTree = "<group>";
		};
		E61641D51F2A9FFF0013849E /* Api */ = {
			isa = PBXGroup;
			children = (
				E61641D61F2A9FFF0013849E /* AWSAPI_J5F6MFS1L5_GloryUpMobileHubClient.h */,
				E61641D71F2A9FFF0013849E /* AWSAPI_J5F6MFS1L5_GloryUpMobileHubClient.m */,
				E61641D81F2A9FFF0013849E /* AWSAPI_J5F6MFS1L5_RequestSchema.h */,
				E61641D91F2A9FFF0013849E /* AWSAPI_J5F6MFS1L5_RequestSchema.m */,
				E61641DA1F2A9FFF0013849E /* AWSAPI_J5F6MFS1L5_ResponseSchema.h */,
				E61641DB1F2A9FFF0013849E /* AWSAPI_J5F6MFS1L5_ResponseSchema.m */,
			);
			path = Api;
			sourceTree = "<group>";
		};
		E61641E31F2A9FFF0013849E /* Models */ = {
			isa = PBXGroup;
			children = (
				E61641E41F2A9FFF0013849E /* NoSQL */,
			);
			path = Models;
			sourceTree = "<group>";
		};
		E61641E41F2A9FFF0013849E /* NoSQL */ = {
			isa = PBXGroup;
			children = (
				E61641E51F2A9FFF0013849E /* News.swift */,
			);
			path = NoSQL;
			sourceTree = "<group>";
		};
		E6194C9C1EFEB4C6004764D5 /* Camera */ = {
			isa = PBXGroup;
			children = (
				E61972B31EFDE152008F1F43 /* Camera.storyboard */,
			);
			name = Camera;
			sourceTree = "<group>";
		};
		E6194C9D1EFEB4D5004764D5 /* Connect */ = {
			isa = PBXGroup;
			children = (
				E61972AC1EFDE0CF008F1F43 /* Connect.storyboard */,
			);
			name = Connect;
			sourceTree = "<group>";
		};
		E6194C9E1EFEB4F1004764D5 /* Forms */ = {
			isa = PBXGroup;
			children = (
				E61972B61EFDE213008F1F43 /* Forms.storyboard */,
			);
			name = Forms;
			sourceTree = "<group>";
		};
		E6194CA01EFEB520004764D5 /* Messages */ = {
			isa = PBXGroup;
			children = (
				E61972C31EFDE2DF008F1F43 /* Messages.storyboard */,
			);
			name = Messages;
			sourceTree = "<group>";
		};
		E6194CA11EFEB531004764D5 /* News */ = {
			isa = PBXGroup;
			children = (
				E61972AE1EFDE10D008F1F43 /* News.storyboard */,
				E61972BA1EFDE253008F1F43 /* Search.storyboard */,
			);
			name = News;
			sourceTree = "<group>";
		};
		E6194CA21EFEB547004764D5 /* Payments */ = {
			isa = PBXGroup;
			children = (
				E61972B81EFDE23D008F1F43 /* Payment.storyboard */,
			);
			name = Payments;
			sourceTree = "<group>";
		};
		E6194CA31EFEB561004764D5 /* Profile */ = {
			isa = PBXGroup;
			children = (
				E61972BF1EFDE2B8008F1F43 /* Notifications.storyboard */,
				E61972A51EFDDFB4008F1F43 /* Profile.storyboard */,
				E61972C11EFDE2CB008F1F43 /* Settings.storyboard */,
			);
			name = Profile;
			sourceTree = "<group>";
		};
		E6194CA51EFEB59C004764D5 /* Systems */ = {
			isa = PBXGroup;
			children = (
				E61972B11EFDE12C008F1F43 /* Systems.storyboard */,
			);
			name = Systems;
			sourceTree = "<group>";
		};
		E619724C1EFD52C5008F1F43 = {
			isa = PBXGroup;
			children = (
				E6BE5C581F2B9BFD00CEB872 /* AWSCognito.framework */,
				E6BE5C451F2B9AE800CEB872 /* AWSAPIGateway.framework */,
				E6BE5C471F2B9AE900CEB872 /* AWSCognitoIdentityProvider.framework */,
				E6BE5C461F2B9AE800CEB872 /* AWSCore.framework */,
				E6BE5C441F2B9AE700CEB872 /* AWSDynamoDB.framework */,
				E6BE5C481F2B9AE900CEB872 /* AWSS3.framework */,
				E61972571EFD52C6008F1F43 /* Glory */,
				E61972561EFD52C6008F1F43 /* Products */,
				0F9C82C1EBE79C573C4D475E /* Pods */,
				6F01A18D3E931B0B3DC37F30 /* Frameworks */,
			);
			sourceTree = "<group>";
		};
		E61972561EFD52C6008F1F43 /* Products */ = {
			isa = PBXGroup;
			children = (
				E61972551EFD52C6008F1F43 /* Glory.app */,
			);
			name = Products;
			sourceTree = "<group>";
		};
		E61972571EFD52C6008F1F43 /* Glory */ = {
			isa = PBXGroup;
			children = (
				E6904F521F33BF8700F2EEEB /* JSON */,
				E61641D41F2A9FFF0013849E /* AmazonAws */,
				E634F4821F336A3E00062E68 /* Test-Models */,
				E61972A31EFD6043008F1F43 /* Models */,
				E61972A41EFD6056008F1F43 /* Views */,
				E619726A1EFD5329008F1F43 /* Controllers */,
				E61641E21F2A9FFF0013849E /* Bridging_Header.h */,
				E61972581EFD52C6008F1F43 /* AppDelegate.swift */,
				E619725A1EFD52C6008F1F43 /* ViewController.swift */,
				E619725C1EFD52C6008F1F43 /* Main.storyboard */,
				E619725F1EFD52C6008F1F43 /* Assets.xcassets */,
				E61972611EFD52C6008F1F43 /* LaunchScreen.storyboard */,
				E61972641EFD52C6008F1F43 /* Info.plist */,
			);
			path = Glory;
			sourceTree = "<group>";
		};
		E619726A1EFD5329008F1F43 /* Controllers */ = {
			isa = PBXGroup;
			children = (
				E61641CB1F2A9A870013849E /* Tables */,
				E61972A11EFD5FAB008F1F43 /* Camera */,
				E619729F1EFD5F96008F1F43 /* Connect */,
				E60E94D31F27F4CB003CDDEE /* Contacts */,
				E61972A21EFD5FB7008F1F43 /* Forms */,
				E61972A01EFD5FA1008F1F43 /* Interests */,
				E619729B1EFD5F10008F1F43 /* Messages */,
				E619729E1EFD5F62008F1F43 /* News */,
				E619729C1EFD5F32008F1F43 /* Payments */,
				E619729A1EFD5EFC008F1F43 /* Profile */,
				E61972991EFD5ED7008F1F43 /* Signup */,
				E619729D1EFD5F44008F1F43 /* Systems */,
			);
			name = Controllers;
			sourceTree = "<group>";
		};
		E61972991EFD5ED7008F1F43 /* Signup */ = {
			isa = PBXGroup;
			children = (
				E619726B1EFD534D008F1F43 /* SigninController.swift */,
				E619726D1EFD53F0008F1F43 /* SignupController.swift */,
				E61AB02C1F2AB77E001BF86E /* SigninExtension.swift */,
				E61AB02E1F2AC00A001BF86E /* UpdatePassword.swift */,
				E6904F611F33BFFE00F2EEEB /* ForgotController.swift */,
			);
			name = Signup;
			sourceTree = "<group>";
		};
		E619729A1EFD5EFC008F1F43 /* Profile */ = {
			isa = PBXGroup;
			children = (
				E61972731EFD55C6008F1F43 /* ProfileController.swift */,
				E619727F1EFD58D7008F1F43 /* SettingsController.swift */,
				E619727D1EFD5871008F1F43 /* EditProfileController.swift */,
				E619728D1EFD5BF4008F1F43 /* NotificationsController.swift */,
			);
			name = Profile;
			sourceTree = "<group>";
		};
		E619729B1EFD5F10008F1F43 /* Messages */ = {
			isa = PBXGroup;
			children = (
				E619728F1EFD5CB6008F1F43 /* MessagesController.swift */,
				E61972911EFD5CF6008F1F43 /* MessagesDetailController.swift */,
			);
			name = Messages;
			sourceTree = "<group>";
		};
		E619729C1EFD5F32008F1F43 /* Payments */ = {
			isa = PBXGroup;
			children = (
				E61972931EFD5D62008F1F43 /* PaymentController.swift */,
				E61972951EFD5DB7008F1F43 /* PaymentCompleteController.swift */,
			);
			name = Payments;
			sourceTree = "<group>";
		};
		E619729D1EFD5F44008F1F43 /* Systems */ = {
			isa = PBXGroup;
			children = (
				E61972791EFD57C2008F1F43 /* SystemsController.swift */,
				E619728B1EFD5B6F008F1F43 /* CalendarController.swift */,
				E61972871EFD5AA9008F1F43 /* StatSheetController.swift */,
			);
			name = Systems;
			sourceTree = "<group>";
		};
		E619729E1EFD5F62008F1F43 /* News */ = {
			isa = PBXGroup;
			children = (
				E61972771EFD5758008F1F43 /* NewsController.swift */,
				E61972811EFD596B008F1F43 /* NewsDetailController.swift */,
				E61972831EFD59B8008F1F43 /* LikesController.swift */,
				E61972851EFD59CF008F1F43 /* CommentsController.swift */,
				E61972971EFD5E2D008F1F43 /* SearchController.swift */,
			);
			name = News;
			sourceTree = "<group>";
		};
		E619729F1EFD5F96008F1F43 /* Connect */ = {
			isa = PBXGroup;
			children = (
				E61972751EFD5712008F1F43 /* ConnectController.swift */,
			);
			name = Connect;
			sourceTree = "<group>";
		};
		E61972A01EFD5FA1008F1F43 /* Interests */ = {
			isa = PBXGroup;
			children = (
				E61972711EFD54AD008F1F43 /* InterestsController.swift */,
			);
			name = Interests;
			sourceTree = "<group>";
		};
		E61972A11EFD5FAB008F1F43 /* Camera */ = {
			isa = PBXGroup;
			children = (
				E619727B1EFD5807008F1F43 /* CameraController.swift */,
			);
			name = Camera;
			sourceTree = "<group>";
		};
		E61972A21EFD5FB7008F1F43 /* Forms */ = {
			isa = PBXGroup;
			children = (
				E61972891EFD5B16008F1F43 /* FormsController.swift */,
			);
			name = Forms;
			sourceTree = "<group>";
		};
		E61972A31EFD6043008F1F43 /* Models */ = {
			isa = PBXGroup;
			children = (
				E6194CB01EFEB744004764D5 /* CalendarModel.swift */,
				E6194CA61EFEB5EB004764D5 /* ConnectModel.swift */,
				E6194CB21EFEB781004764D5 /* EngagementsModel.swift */,
				E6194CAE1EFEB6FD004764D5 /* FormsModel.swift */,
				E6194CAC1EFEB6C7004764D5 /* InterestsModel.swift */,
				E6194CB41EFEB7D3004764D5 /* MessagesModel.swift */,
				E6194CA81EFEB641004764D5 /* NewsModel.swift */,
				E6DD47DF1EFEB106003079C4 /* ProfileModel.swift */,
				E6194CB61EFEB805004764D5 /* SearchModel.swift */,
				E6194CAA1EFEB679004764D5 /* SystemsModel.swift */,
				E63A7E7C1F0EAFAF00AD6A98 /* Lambda.swift */,
			);
			name = Models;
			sourceTree = "<group>";
		};
		E61972A41EFD6056008F1F43 /* Views */ = {
			isa = PBXGroup;
			children = (
				E6194C9C1EFEB4C6004764D5 /* Camera */,
				E6194C9D1EFEB4D5004764D5 /* Connect */,
				E6194C9E1EFEB4F1004764D5 /* Forms */,
				E6194CA01EFEB520004764D5 /* Messages */,
				E6194CA11EFEB531004764D5 /* News */,
				E6194CA21EFEB547004764D5 /* Payments */,
				E6194CA31EFEB561004764D5 /* Profile */,
				E6194CA51EFEB59C004764D5 /* Systems */,
			);
			name = Views;
			sourceTree = "<group>";
		};
		E634F4821F336A3E00062E68 /* Test-Models */ = {
			isa = PBXGroup;
			children = (
				E634F47A1F33678D00062E68 /* ProfileJSON.swift */,
				E634F47C1F33695700062E68 /* PostJSON.swift */,
				E634F4801F3369EE00062E68 /* PursuitJSON.swift */,
				E634F47E1F33699B00062E68 /* InterestsJSON.swift */,
				E68DE2A61F0EF66B00B55962 /* CalendarJSON.swift */,
			);
			path = "Test-Models";
			sourceTree = "<group>";
		};
		E6904F521F33BF8700F2EEEB /* JSON */ = {
			isa = PBXGroup;
			children = (
				E604F1691F369BB10009AC7F /* accountAdded.json */,
				E604F1671F369BB10009AC7F /* accountDetails.json */,
				E604F16B1F369BB10009AC7F /* accounts.json */,
				E604F16E1F369BB10009AC7F /* calendar.json */,
				E604F1651F369BB10009AC7F /* calendarDetails.json */,
				E604F1641F369BB10009AC7F /* engagements.json */,
				E604F1681F369BB10009AC7F /* formDetails.json */,
				E604F1711F369BB20009AC7F /* forms.json */,
				E604F16A1F369BB10009AC7F /* interests.json */,
				E604F1661F369BB10009AC7F /* posts.json */,
				E604F1701F369BB10009AC7F /* pursuit.json */,
				E604F16F1F369BB10009AC7F /* pursuitDetails.json */,
				E604F16D1F369BB10009AC7F /* pursuitSteps.json */,
				E604F16C1F369BB10009AC7F /* userInterests.json */,
			);
			path = JSON;
			sourceTree = "<group>";
		};
/* End PBXGroup section */

/* Begin PBXNativeTarget section */
		E61972541EFD52C6008F1F43 /* Glory */ = {
			isa = PBXNativeTarget;
			buildConfigurationList = E61972671EFD52C6008F1F43 /* Build configuration list for PBXNativeTarget "Glory" */;
			buildPhases = (
				A1C72980ECA94B54E5B020E1 /* [CP] Check Pods Manifest.lock */,
				E61972511EFD52C6008F1F43 /* Sources */,
				E61972521EFD52C6008F1F43 /* Frameworks */,
				E61972531EFD52C6008F1F43 /* Resources */,
				7BF9B26E9B720EB1B9CA9EC9 /* [CP] Embed Pods Frameworks */,
				B46C3370C17568D9ADD7D1D3 /* [CP] Copy Pods Resources */,
				E61642251F2AA41E0013849E /* Embed Frameworks */,
			);
			buildRules = (
			);
			dependencies = (
			);
			name = Glory;
			productName = Glory;
			productReference = E61972551EFD52C6008F1F43 /* Glory.app */;
			productType = "com.apple.product-type.application";
		};
/* End PBXNativeTarget section */

/* Begin PBXProject section */
		E619724D1EFD52C5008F1F43 /* Project object */ = {
			isa = PBXProject;
			attributes = {
				LastSwiftUpdateCheck = 0830;
				LastUpgradeCheck = 0900;
				ORGANIZATIONNAME = Glory;
				TargetAttributes = {
					E61972541EFD52C6008F1F43 = {
						CreatedOnToolsVersion = 8.3.3;
						DevelopmentTeam = 572R6985EK;
						LastSwiftMigration = 0900;
						ProvisioningStyle = Automatic;
					};
				};
			};
			buildConfigurationList = E61972501EFD52C5008F1F43 /* Build configuration list for PBXProject "Glory" */;
			compatibilityVersion = "Xcode 3.2";
			developmentRegion = English;
			hasScannedForEncodings = 0;
			knownRegions = (
				en,
				Base,
			);
			mainGroup = E619724C1EFD52C5008F1F43;
			productRefGroup = E61972561EFD52C6008F1F43 /* Products */;
			projectDirPath = "";
			projectRoot = "";
			targets = (
				E61972541EFD52C6008F1F43 /* Glory */,
			);
		};
/* End PBXProject section */

/* Begin PBXResourcesBuildPhase section */
		E61972531EFD52C6008F1F43 /* Resources */ = {
			isa = PBXResourcesBuildPhase;
			buildActionMask = 2147483647;
			files = (
				E61972631EFD52C6008F1F43 /* LaunchScreen.storyboard in Resources */,
				E604F17A1F369BB20009AC7F /* userInterests.json in Resources */,
				E604F1721F369BB20009AC7F /* engagements.json in Resources */,
				E6BE5C7B1F2B9E7200CEB872 /* GoogleSignIn.bundle in Resources */,
				E6BE5C7C1F2B9E7200CEB872 /* AWSGoogleSignInResources.bundle in Resources */,
				E61972B91EFDE23D008F1F43 /* Payment.storyboard in Resources */,
				E61972B71EFDE213008F1F43 /* Forms.storyboard in Resources */,
				E61972B51EFDE152008F1F43 /* Camera.storyboard in Resources */,
				E604F1781F369BB20009AC7F /* interests.json in Resources */,
				E61972C41EFDE2DF008F1F43 /* Messages.storyboard in Resources */,
				E604F17C1F369BB20009AC7F /* calendar.json in Resources */,
				E604F17B1F369BB20009AC7F /* pursuitSteps.json in Resources */,
				E604F1761F369BB20009AC7F /* formDetails.json in Resources */,
				E61972B01EFDE10D008F1F43 /* News.storyboard in Resources */,
				E61972AD1EFDE0CF008F1F43 /* Connect.storyboard in Resources */,
				E604F1751F369BB20009AC7F /* accountDetails.json in Resources */,
				E604F1791F369BB20009AC7F /* accounts.json in Resources */,
				E604F17D1F369BB20009AC7F /* pursuitDetails.json in Resources */,
				E604F17E1F369BB20009AC7F /* pursuit.json in Resources */,
				E61972601EFD52C6008F1F43 /* Assets.xcassets in Resources */,
				E61972BC1EFDE253008F1F43 /* Search.storyboard in Resources */,
				E61972A61EFDDFB4008F1F43 /* Profile.storyboard in Resources */,
				E61972C01EFDE2B8008F1F43 /* Notifications.storyboard in Resources */,
				E604F17F1F369BB20009AC7F /* forms.json in Resources */,
				E619725E1EFD52C6008F1F43 /* Main.storyboard in Resources */,
				E61972C21EFDE2CB008F1F43 /* Settings.storyboard in Resources */,
				E604F1731F369BB20009AC7F /* calendarDetails.json in Resources */,
				E61972B21EFDE12C008F1F43 /* Systems.storyboard in Resources */,
				E604F1771F369BB20009AC7F /* accountAdded.json in Resources */,
				E604F1741F369BB20009AC7F /* posts.json in Resources */,
			);
			runOnlyForDeploymentPostprocessing = 0;
		};
/* End PBXResourcesBuildPhase section */

/* Begin PBXShellScriptBuildPhase section */
		7BF9B26E9B720EB1B9CA9EC9 /* [CP] Embed Pods Frameworks */ = {
			isa = PBXShellScriptBuildPhase;
			buildActionMask = 2147483647;
			files = (
			);
			inputPaths = (
			);
			name = "[CP] Embed Pods Frameworks";
			outputPaths = (
			);
			runOnlyForDeploymentPostprocessing = 0;
			shellPath = /bin/sh;
			shellScript = "\"${SRCROOT}/Pods/Target Support Files/Pods-Glory/Pods-Glory-frameworks.sh\"\n";
			showEnvVarsInLog = 0;
		};
		A1C72980ECA94B54E5B020E1 /* [CP] Check Pods Manifest.lock */ = {
			isa = PBXShellScriptBuildPhase;
			buildActionMask = 2147483647;
			files = (
			);
			inputPaths = (
			);
			name = "[CP] Check Pods Manifest.lock";
			outputPaths = (
			);
			runOnlyForDeploymentPostprocessing = 0;
			shellPath = /bin/sh;
			shellScript = "diff \"${PODS_PODFILE_DIR_PATH}/Podfile.lock\" \"${PODS_ROOT}/Manifest.lock\" > /dev/null\nif [ $? != 0 ] ; then\n    # print error to STDERR\n    echo \"error: The sandbox is not in sync with the Podfile.lock. Run 'pod install' or update your CocoaPods installation.\" >&2\n    exit 1\nfi\n";
			showEnvVarsInLog = 0;
		};
		B46C3370C17568D9ADD7D1D3 /* [CP] Copy Pods Resources */ = {
			isa = PBXShellScriptBuildPhase;
			buildActionMask = 2147483647;
			files = (
			);
			inputPaths = (
			);
			name = "[CP] Copy Pods Resources";
			outputPaths = (
			);
			runOnlyForDeploymentPostprocessing = 0;
			shellPath = /bin/sh;
			shellScript = "\"${SRCROOT}/Pods/Target Support Files/Pods-Glory/Pods-Glory-resources.sh\"\n";
			showEnvVarsInLog = 0;
		};
/* End PBXShellScriptBuildPhase section */

/* Begin PBXSourcesBuildPhase section */
		E61972511EFD52C6008F1F43 /* Sources */ = {
			isa = PBXSourcesBuildPhase;
			buildActionMask = 2147483647;
			files = (
				E63A7E7D1F0EAFAF00AD6A98 /* Lambda.swift in Sources */,
				E6194CA91EFEB641004764D5 /* NewsModel.swift in Sources */,
				E61972921EFD5CF6008F1F43 /* MessagesDetailController.swift in Sources */,
				E61972981EFD5E2D008F1F43 /* SearchController.swift in Sources */,
				E619727A1EFD57C2008F1F43 /* SystemsController.swift in Sources */,
				E619728C1EFD5B6F008F1F43 /* CalendarController.swift in Sources */,
				E634F4811F3369EE00062E68 /* PursuitJSON.swift in Sources */,
				E61641D11F2A9D860013849E /* UserPoolsUIHelper.swift in Sources */,
				E6194CAD1EFEB6C7004764D5 /* InterestsModel.swift in Sources */,
				E61972941EFD5D62008F1F43 /* PaymentController.swift in Sources */,
				E6904F621F33BFFE00F2EEEB /* ForgotController.swift in Sources */,
				E634F47F1F33699B00062E68 /* InterestsJSON.swift in Sources */,
				E61AB02D1F2AB77E001BF86E /* SigninExtension.swift in Sources */,
				E60E94D51F27F4EC003CDDEE /* ContactsController.swift in Sources */,
				E634F47D1F33695700062E68 /* PostJSON.swift in Sources */,
				E619728E1EFD5BF4008F1F43 /* NotificationsController.swift in Sources */,
				E61972801EFD58D7008F1F43 /* SettingsController.swift in Sources */,
				E61641D31F2A9DCF0013849E /* UserPoolsSignUpConfirmationViewController.swift in Sources */,
				E6194CAB1EFEB679004764D5 /* SystemsModel.swift in Sources */,
				E61972881EFD5AAA008F1F43 /* StatSheetController.swift in Sources */,
				E634F47B1F33678D00062E68 /* ProfileJSON.swift in Sources */,
				E61972761EFD5712008F1F43 /* ConnectController.swift in Sources */,
				E6194CA71EFEB5EB004764D5 /* ConnectModel.swift in Sources */,
				E61972741EFD55C6008F1F43 /* ProfileController.swift in Sources */,
				E619725B1EFD52C6008F1F43 /* ViewController.swift in Sources */,
				E61AB02F1F2AC00A001BF86E /* UpdatePassword.swift in Sources */,
				E61641CF1F2A9AEA0013849E /* FormTableDelegate.swift in Sources */,
				E61AB02B1F2AA847001BF86E /* TableInputCell.swift in Sources */,
				E619726C1EFD534D008F1F43 /* SigninController.swift in Sources */,
				E6194CB31EFEB781004764D5 /* EngagementsModel.swift in Sources */,
				E619727E1EFD5871008F1F43 /* EditProfileController.swift in Sources */,
				E6194CB71EFEB805004764D5 /* SearchModel.swift in Sources */,
				E6DD47E01EFEB106003079C4 /* ProfileModel.swift in Sources */,
				E61972591EFD52C6008F1F43 /* AppDelegate.swift in Sources */,
				E68DE2A71F0EF66B00B55962 /* CalendarJSON.swift in Sources */,
				E61972961EFD5DB7008F1F43 /* PaymentCompleteController.swift in Sources */,
				E61641CD1F2A9A9D0013849E /* FormTableCell.swift in Sources */,
				E619727C1EFD5807008F1F43 /* CameraController.swift in Sources */,
				E61972841EFD59B8008F1F43 /* LikesController.swift in Sources */,
				E61972781EFD5758008F1F43 /* NewsController.swift in Sources */,
				E61972821EFD596C008F1F43 /* NewsDetailController.swift in Sources */,
				E6194CB11EFEB744004764D5 /* CalendarModel.swift in Sources */,
				E61972861EFD59CF008F1F43 /* CommentsController.swift in Sources */,
				E61972901EFD5CB6008F1F43 /* MessagesController.swift in Sources */,
				E6194CB51EFEB7D3004764D5 /* MessagesModel.swift in Sources */,
				E619728A1EFD5B16008F1F43 /* FormsController.swift in Sources */,
				E6194CAF1EFEB6FD004764D5 /* FormsModel.swift in Sources */,
				E619726E1EFD53F0008F1F43 /* SignupController.swift in Sources */,
				E61972721EFD54AD008F1F43 /* InterestsController.swift in Sources */,
			);
			runOnlyForDeploymentPostprocessing = 0;
		};
/* End PBXSourcesBuildPhase section */

/* Begin PBXVariantGroup section */
		E619725C1EFD52C6008F1F43 /* Main.storyboard */ = {
			isa = PBXVariantGroup;
			children = (
				E619725D1EFD52C6008F1F43 /* Base */,
			);
			name = Main.storyboard;
			sourceTree = "<group>";
		};
		E61972611EFD52C6008F1F43 /* LaunchScreen.storyboard */ = {
			isa = PBXVariantGroup;
			children = (
				E61972621EFD52C6008F1F43 /* Base */,
			);
			name = LaunchScreen.storyboard;
			sourceTree = "<group>";
		};
		E61972AE1EFDE10D008F1F43 /* News.storyboard */ = {
			isa = PBXVariantGroup;
			children = (
				E61972AF1EFDE10D008F1F43 /* Base */,
			);
			name = News.storyboard;
			sourceTree = "<group>";
		};
		E61972B31EFDE152008F1F43 /* Camera.storyboard */ = {
			isa = PBXVariantGroup;
			children = (
				E61972B41EFDE152008F1F43 /* Base */,
			);
			name = Camera.storyboard;
			sourceTree = "<group>";
		};
		E61972BA1EFDE253008F1F43 /* Search.storyboard */ = {
			isa = PBXVariantGroup;
			children = (
				E61972BB1EFDE253008F1F43 /* Base */,
			);
			name = Search.storyboard;
			sourceTree = "<group>";
		};
/* End PBXVariantGroup section */

/* Begin XCBuildConfiguration section */
		E61972651EFD52C6008F1F43 /* Debug */ = {
			isa = XCBuildConfiguration;
			buildSettings = {
				ALWAYS_SEARCH_USER_PATHS = NO;
				CLANG_ANALYZER_NONNULL = YES;
				CLANG_ANALYZER_NUMBER_OBJECT_CONVERSION = YES_AGGRESSIVE;
				CLANG_CXX_LANGUAGE_STANDARD = "gnu++0x";
				CLANG_CXX_LIBRARY = "libc++";
				CLANG_ENABLE_MODULES = YES;
				CLANG_ENABLE_OBJC_ARC = YES;
				CLANG_WARN_BLOCK_CAPTURE_AUTORELEASING = YES;
				CLANG_WARN_BOOL_CONVERSION = YES;
				CLANG_WARN_COMMA = YES;
				CLANG_WARN_CONSTANT_CONVERSION = YES;
				CLANG_WARN_DIRECT_OBJC_ISA_USAGE = YES_ERROR;
				CLANG_WARN_DOCUMENTATION_COMMENTS = YES;
				CLANG_WARN_EMPTY_BODY = YES;
				CLANG_WARN_ENUM_CONVERSION = YES;
				CLANG_WARN_INFINITE_RECURSION = YES;
				CLANG_WARN_INT_CONVERSION = YES;
				CLANG_WARN_NON_LITERAL_NULL_CONVERSION = YES;
				CLANG_WARN_OBJC_LITERAL_CONVERSION = YES;
				CLANG_WARN_OBJC_ROOT_CLASS = YES_ERROR;
				CLANG_WARN_RANGE_LOOP_ANALYSIS = YES;
				CLANG_WARN_STRICT_PROTOTYPES = YES;
				CLANG_WARN_SUSPICIOUS_MOVE = YES;
				CLANG_WARN_UNREACHABLE_CODE = YES;
				CLANG_WARN__DUPLICATE_METHOD_MATCH = YES;
				"CODE_SIGN_IDENTITY[sdk=iphoneos*]" = "iPhone Developer";
				COPY_PHASE_STRIP = NO;
				DEBUG_INFORMATION_FORMAT = dwarf;
				ENABLE_STRICT_OBJC_MSGSEND = YES;
				ENABLE_TESTABILITY = YES;
				GCC_C_LANGUAGE_STANDARD = gnu99;
				GCC_DYNAMIC_NO_PIC = NO;
				GCC_NO_COMMON_BLOCKS = YES;
				GCC_OPTIMIZATION_LEVEL = 0;
				GCC_PREPROCESSOR_DEFINITIONS = (
					"DEBUG=1",
					"$(inherited)",
				);
				GCC_WARN_64_TO_32_BIT_CONVERSION = YES;
				GCC_WARN_ABOUT_RETURN_TYPE = YES_ERROR;
				GCC_WARN_UNDECLARED_SELECTOR = YES;
				GCC_WARN_UNINITIALIZED_AUTOS = YES_AGGRESSIVE;
				GCC_WARN_UNUSED_FUNCTION = YES;
				GCC_WARN_UNUSED_VARIABLE = YES;
				IPHONEOS_DEPLOYMENT_TARGET = 10.3;
				MTL_ENABLE_DEBUG_INFO = YES;
				ONLY_ACTIVE_ARCH = YES;
				SDKROOT = iphoneos;
				SWIFT_ACTIVE_COMPILATION_CONDITIONS = DEBUG;
				SWIFT_OPTIMIZATION_LEVEL = "-Onone";
			};
			name = Debug;
		};
		E61972661EFD52C6008F1F43 /* Release */ = {
			isa = XCBuildConfiguration;
			buildSettings = {
				ALWAYS_SEARCH_USER_PATHS = NO;
				CLANG_ANALYZER_NONNULL = YES;
				CLANG_ANALYZER_NUMBER_OBJECT_CONVERSION = YES_AGGRESSIVE;
				CLANG_CXX_LANGUAGE_STANDARD = "gnu++0x";
				CLANG_CXX_LIBRARY = "libc++";
				CLANG_ENABLE_MODULES = YES;
				CLANG_ENABLE_OBJC_ARC = YES;
				CLANG_WARN_BLOCK_CAPTURE_AUTORELEASING = YES;
				CLANG_WARN_BOOL_CONVERSION = YES;
				CLANG_WARN_COMMA = YES;
				CLANG_WARN_CONSTANT_CONVERSION = YES;
				CLANG_WARN_DIRECT_OBJC_ISA_USAGE = YES_ERROR;
				CLANG_WARN_DOCUMENTATION_COMMENTS = YES;
				CLANG_WARN_EMPTY_BODY = YES;
				CLANG_WARN_ENUM_CONVERSION = YES;
				CLANG_WARN_INFINITE_RECURSION = YES;
				CLANG_WARN_INT_CONVERSION = YES;
				CLANG_WARN_NON_LITERAL_NULL_CONVERSION = YES;
				CLANG_WARN_OBJC_LITERAL_CONVERSION = YES;
				CLANG_WARN_OBJC_ROOT_CLASS = YES_ERROR;
				CLANG_WARN_RANGE_LOOP_ANALYSIS = YES;
				CLANG_WARN_STRICT_PROTOTYPES = YES;
				CLANG_WARN_SUSPICIOUS_MOVE = YES;
				CLANG_WARN_UNREACHABLE_CODE = YES;
				CLANG_WARN__DUPLICATE_METHOD_MATCH = YES;
				"CODE_SIGN_IDENTITY[sdk=iphoneos*]" = "iPhone Developer";
				COPY_PHASE_STRIP = NO;
				DEBUG_INFORMATION_FORMAT = "dwarf-with-dsym";
				ENABLE_NS_ASSERTIONS = NO;
				ENABLE_STRICT_OBJC_MSGSEND = YES;
				GCC_C_LANGUAGE_STANDARD = gnu99;
				GCC_NO_COMMON_BLOCKS = YES;
				GCC_WARN_64_TO_32_BIT_CONVERSION = YES;
				GCC_WARN_ABOUT_RETURN_TYPE = YES_ERROR;
				GCC_WARN_UNDECLARED_SELECTOR = YES;
				GCC_WARN_UNINITIALIZED_AUTOS = YES_AGGRESSIVE;
				GCC_WARN_UNUSED_FUNCTION = YES;
				GCC_WARN_UNUSED_VARIABLE = YES;
				IPHONEOS_DEPLOYMENT_TARGET = 10.3;
				MTL_ENABLE_DEBUG_INFO = NO;
				SDKROOT = iphoneos;
				SWIFT_OPTIMIZATION_LEVEL = "-Owholemodule";
				VALIDATE_PRODUCT = YES;
			};
			name = Release;
		};
		E61972681EFD52C6008F1F43 /* Debug */ = {
			isa = XCBuildConfiguration;
			baseConfigurationReference = 698489EB70D609DC9EC7B88C /* Pods-Glory.debug.xcconfig */;
			buildSettings = {
				ASSETCATALOG_COMPILER_APPICON_NAME = AppIcon;
				DEVELOPMENT_TEAM = 572R6985EK;
				FRAMEWORK_SEARCH_PATHS = (
					"$(inherited)",
					"$(PROJECT_DIR)Up-aws-my-sample-app-ios-swift/MySampleApp/MySampleApp/Sdk/Aws",
					"$(PROJECT_DIR)Up-aws-my-sample-app-ios-swift/MySampleApp/MySampleApp/Sdk/Google",
					"$(PROJECT_DIR)Up-aws-my-sample-app-ios-swift/MySampleApp/MySampleApp/AmazonAws",
					"$(PROJECT_DIR)Up-aws-my-sample-app-ios-swift/MySampleApp/MySampleApp/Sdk/Aws/extras",
					"$(PROJECT_DIR)/Sdk/Aws",
					"$(PROJECT_DIR)/Sdk/Aws/extras",
				);
				INFOPLIST_FILE = Glory/Info.plist;
				LD_RUNPATH_SEARCH_PATHS = "$(inherited) @executable_path/Frameworks";
				PRODUCT_BUNDLE_IDENTIFIER = com.glory.js;
				PRODUCT_NAME = "$(TARGET_NAME)";
				SWIFT_OBJC_BRIDGING_HEADER = Glory/Bridging_Header.h;
				SWIFT_SWIFT3_OBJC_INFERENCE = On;
				SWIFT_VERSION = 3.0;
			};
			name = Debug;
		};
		E61972691EFD52C6008F1F43 /* Release */ = {
			isa = XCBuildConfiguration;
			baseConfigurationReference = 95730F128733AC21FCD31C6F /* Pods-Glory.release.xcconfig */;
			buildSettings = {
				ASSETCATALOG_COMPILER_APPICON_NAME = AppIcon;
				DEVELOPMENT_TEAM = 572R6985EK;
				FRAMEWORK_SEARCH_PATHS = (
					"$(inherited)",
					"$(PROJECT_DIR)Up-aws-my-sample-app-ios-swift/MySampleApp/MySampleApp/Sdk/Aws",
					"$(PROJECT_DIR)Up-aws-my-sample-app-ios-swift/MySampleApp/MySampleApp/Sdk/Google",
					"$(PROJECT_DIR)Up-aws-my-sample-app-ios-swift/MySampleApp/MySampleApp/AmazonAws",
					"$(PROJECT_DIR)Up-aws-my-sample-app-ios-swift/MySampleApp/MySampleApp/Sdk/Aws/extras",
					"$(PROJECT_DIR)/Sdk/Aws",
					"$(PROJECT_DIR)/Sdk/Aws/extras",
				);
				INFOPLIST_FILE = Glory/Info.plist;
				LD_RUNPATH_SEARCH_PATHS = "$(inherited) @executable_path/Frameworks";
				PRODUCT_BUNDLE_IDENTIFIER = com.glory.js;
				PRODUCT_NAME = "$(TARGET_NAME)";
				SWIFT_OBJC_BRIDGING_HEADER = Glory/Bridging_Header.h;
				SWIFT_SWIFT3_OBJC_INFERENCE = On;
				SWIFT_VERSION = 3.0;
			};
			name = Release;
		};
/* End XCBuildConfiguration section */

/* Begin XCConfigurationList section */
		E61972501EFD52C5008F1F43 /* Build configuration list for PBXProject "Glory" */ = {
			isa = XCConfigurationList;
			buildConfigurations = (
				E61972651EFD52C6008F1F43 /* Debug */,
				E61972661EFD52C6008F1F43 /* Release */,
			);
			defaultConfigurationIsVisible = 0;
			defaultConfigurationName = Release;
		};
		E61972671EFD52C6008F1F43 /* Build configuration list for PBXNativeTarget "Glory" */ = {
			isa = XCConfigurationList;
			buildConfigurations = (
				E61972681EFD52C6008F1F43 /* Debug */,
				E61972691EFD52C6008F1F43 /* Release */,
			);
			defaultConfigurationIsVisible = 0;
			defaultConfigurationName = Release;
		};
/* End XCConfigurationList section */
	};
	rootObject = E619724D1EFD52C5008F1F43 /* Project object */;
}
